// !$*UTF8*$!
{
	archiveVersion = 1;
	classes = {
	};
	objectVersion = 46;
	objects = {

/* Begin PBXBuildFile section */
		861B471319326865009E9EBD /* BEMCircle.m in Sources */ = {isa = PBXBuildFile; fileRef = 861B470E19326865009E9EBD /* BEMCircle.m */; };
		861B471419326865009E9EBD /* BEMLine.m in Sources */ = {isa = PBXBuildFile; fileRef = 861B471019326865009E9EBD /* BEMLine.m */; };
		861B471519326865009E9EBD /* BEMSimpleLineGraphView.m in Sources */ = {isa = PBXBuildFile; fileRef = 861B471219326865009E9EBD /* BEMSimpleLineGraphView.m */; };
		861B471A1932B302009E9EBD /* UIButton+uuid.m in Sources */ = {isa = PBXBuildFile; fileRef = 861B47191932B302009E9EBD /* UIButton+uuid.m */; };
		861B47221932C58F009E9EBD /* CustomButton.m in Sources */ = {isa = PBXBuildFile; fileRef = 861B47211932C58F009E9EBD /* CustomButton.m */; };
		86799859191A84EC0070DFFF /* RMDateSelectionViewController.m in Sources */ = {isa = PBXBuildFile; fileRef = 86799858191A84EC0070DFFF /* RMDateSelectionViewController.m */; };
		86799874191A94A50070DFFF /* UIViewController+MJPopupViewController.m in Sources */ = {isa = PBXBuildFile; fileRef = 86799873191A94A50070DFFF /* UIViewController+MJPopupViewController.m */; };
		86799877191A94F50070DFFF /* MJPopupBackgroundView.m in Sources */ = {isa = PBXBuildFile; fileRef = 86799876191A94F50070DFFF /* MJPopupBackgroundView.m */; };
		86799886191AA1DA0070DFFF /* CusAlertView.m in Sources */ = {isa = PBXBuildFile; fileRef = 86799885191AA1DA0070DFFF /* CusAlertView.m */; };
		8679988A191AA50D0070DFFF /* GlobalPopupAlert.m in Sources */ = {isa = PBXBuildFile; fileRef = 86799889191AA50D0070DFFF /* GlobalPopupAlert.m */; };
		8679988D191AAB620070DFFF /* CustomIOS7AlertView.m in Sources */ = {isa = PBXBuildFile; fileRef = 8679988C191AAB620070DFFF /* CustomIOS7AlertView.m */; };
		867998901927ADAF0070DFFF /* OrderProductViewController.m in Sources */ = {isa = PBXBuildFile; fileRef = 8679988F1927ADAF0070DFFF /* OrderProductViewController.m */; };
		867998961927CBC60070DFFF /* EmptyOrderProductCell.m in Sources */ = {isa = PBXBuildFile; fileRef = 867998951927CBC60070DFFF /* EmptyOrderProductCell.m */; };
		867998A5192868660070DFFF /* OrderProductCell.m in Sources */ = {isa = PBXBuildFile; fileRef = 867998A4192868660070DFFF /* OrderProductCell.m */; };
		867998B71929BC870070DFFF /* EntityOrder.m in Sources */ = {isa = PBXBuildFile; fileRef = 867998B61929BC870070DFFF /* EntityOrder.m */; };
		867998BA1929BC870070DFFF /* EntityOrderProduct.m in Sources */ = {isa = PBXBuildFile; fileRef = 867998B91929BC870070DFFF /* EntityOrderProduct.m */; };
		867998BE1929C8750070DFFF /* TempProduct.m in Sources */ = {isa = PBXBuildFile; fileRef = 867998BD1929C8750070DFFF /* TempProduct.m */; };
		867998C41929CAD10070DFFF /* TempOrderProduct.m in Sources */ = {isa = PBXBuildFile; fileRef = 867998C31929CAD10070DFFF /* TempOrderProduct.m */; };
		867998CC192AB1680070DFFF /* PSCropToolView.m in Sources */ = {isa = PBXBuildFile; fileRef = 867998CB192AB1680070DFFF /* PSCropToolView.m */; };
		867998D0192AB4A00070DFFF /* CroperViewController.m in Sources */ = {isa = PBXBuildFile; fileRef = 867998CF192AB4A00070DFFF /* CroperViewController.m */; };
		867998D2192AD4BB0070DFFF /* dyn_popup_view in Resources */ = {isa = PBXBuildFile; fileRef = 867998D1192AD4BB0070DFFF /* dyn_popup_view */; };
		867998D6192C3FEA0070DFFF /* Parse.framework in Frameworks */ = {isa = PBXBuildFile; fileRef = 867998D5192C3FEA0070DFFF /* Parse.framework */; };
		867998D9192C4CF10070DFFF /* EntityAccount.m in Sources */ = {isa = PBXBuildFile; fileRef = 867998D8192C4CF10070DFFF /* EntityAccount.m */; };
		867998E7192D27480070DFFF /* NSMutableArray+SWUtilityButtons.m in Sources */ = {isa = PBXBuildFile; fileRef = 867998DC192D27480070DFFF /* NSMutableArray+SWUtilityButtons.m */; };
		867998E8192D27480070DFFF /* SWCellScrollView.m in Sources */ = {isa = PBXBuildFile; fileRef = 867998DE192D27480070DFFF /* SWCellScrollView.m */; };
		867998E9192D27480070DFFF /* SWLongPressGestureRecognizer.m in Sources */ = {isa = PBXBuildFile; fileRef = 867998E0192D27480070DFFF /* SWLongPressGestureRecognizer.m */; };
		867998EA192D27480070DFFF /* SWTableViewCell.m in Sources */ = {isa = PBXBuildFile; fileRef = 867998E2192D27480070DFFF /* SWTableViewCell.m */; };
		867998EB192D27480070DFFF /* SWUtilityButtonTapGestureRecognizer.m in Sources */ = {isa = PBXBuildFile; fileRef = 867998E4192D27480070DFFF /* SWUtilityButtonTapGestureRecognizer.m */; };
		867998EC192D27480070DFFF /* SWUtilityButtonView.m in Sources */ = {isa = PBXBuildFile; fileRef = 867998E6192D27480070DFFF /* SWUtilityButtonView.m */; };
		867998F0192D33AC0070DFFF /* Tools.m in Sources */ = {isa = PBXBuildFile; fileRef = 867998EF192D33AC0070DFFF /* Tools.m */; };
		867998F3192DB0810070DFFF /* EntityProduct.m in Sources */ = {isa = PBXBuildFile; fileRef = 867998F2192DB0810070DFFF /* EntityProduct.m */; };
		AA3F0E69192BD0D10042186D /* RECommonFunctions.m in Sources */ = {isa = PBXBuildFile; fileRef = AA3F0E68192BD0D10042186D /* RECommonFunctions.m */; };
		AA3F0E6C192BD1280042186D /* RESideMenu.m in Sources */ = {isa = PBXBuildFile; fileRef = AA3F0E6B192BD1280042186D /* RESideMenu.m */; };
		AA3F0E6F192BD1860042186D /* UIViewController+RESideMenu.m in Sources */ = {isa = PBXBuildFile; fileRef = AA3F0E6E192BD1860042186D /* UIViewController+RESideMenu.m */; };
		AA3F0E72192BD2DE0042186D /* TPKeyboardAvoidingScrollView.m in Sources */ = {isa = PBXBuildFile; fileRef = AA3F0E71192BD2DE0042186D /* TPKeyboardAvoidingScrollView.m */; };
		AA3F0E97192C05450042186D /* JAQBlurryTableViewController.m in Sources */ = {isa = PBXBuildFile; fileRef = AA3F0E96192C05450042186D /* JAQBlurryTableViewController.m */; };
		AA3F0E9A192C05940042186D /* UIImage+ImageEffects.m in Sources */ = {isa = PBXBuildFile; fileRef = AA3F0E99192C05940042186D /* UIImage+ImageEffects.m */; };
		AA5522661916E98E005D5950 /* Foundation.framework in Frameworks */ = {isa = PBXBuildFile; fileRef = AA5522651916E98E005D5950 /* Foundation.framework */; };
		AA5522681916E98E005D5950 /* CoreGraphics.framework in Frameworks */ = {isa = PBXBuildFile; fileRef = AA5522671916E98E005D5950 /* CoreGraphics.framework */; };
		AA55226A1916E98E005D5950 /* UIKit.framework in Frameworks */ = {isa = PBXBuildFile; fileRef = AA5522691916E98E005D5950 /* UIKit.framework */; };
		AA55226C1916E98E005D5950 /* CoreData.framework in Frameworks */ = {isa = PBXBuildFile; fileRef = AA55226B1916E98E005D5950 /* CoreData.framework */; };
		AA5522721916E98E005D5950 /* InfoPlist.strings in Resources */ = {isa = PBXBuildFile; fileRef = AA5522701916E98E005D5950 /* InfoPlist.strings */; };
		AA5522741916E98E005D5950 /* main.m in Sources */ = {isa = PBXBuildFile; fileRef = AA5522731916E98E005D5950 /* main.m */; };
		AA5522781916E98E005D5950 /* AppDelegate.m in Sources */ = {isa = PBXBuildFile; fileRef = AA5522771916E98E005D5950 /* AppDelegate.m */; };
		AA55227D1916E98E005D5950 /* Images.xcassets in Resources */ = {isa = PBXBuildFile; fileRef = AA55227C1916E98E005D5950 /* Images.xcassets */; };
		AA5522841916E98E005D5950 /* XCTest.framework in Frameworks */ = {isa = PBXBuildFile; fileRef = AA5522831916E98E005D5950 /* XCTest.framework */; };
		AA5522851916E98E005D5950 /* Foundation.framework in Frameworks */ = {isa = PBXBuildFile; fileRef = AA5522651916E98E005D5950 /* Foundation.framework */; };
		AA5522861916E98E005D5950 /* UIKit.framework in Frameworks */ = {isa = PBXBuildFile; fileRef = AA5522691916E98E005D5950 /* UIKit.framework */; };
		AA5522871916E98E005D5950 /* CoreData.framework in Frameworks */ = {isa = PBXBuildFile; fileRef = AA55226B1916E98E005D5950 /* CoreData.framework */; };
		AA55228F1916E98E005D5950 /* InfoPlist.strings in Resources */ = {isa = PBXBuildFile; fileRef = AA55228D1916E98E005D5950 /* InfoPlist.strings */; };
		AA5522911916E98E005D5950 /* VRINXTests.m in Sources */ = {isa = PBXBuildFile; fileRef = AA5522901916E98E005D5950 /* VRINXTests.m */; };
		AA55229F1916E9B4005D5950 /* bundle1.o in Frameworks */ = {isa = PBXBuildFile; fileRef = AA55229C1916E9B4005D5950 /* bundle1.o */; };
		AA5522A11916E9CB005D5950 /* AudioToolbox.framework in Frameworks */ = {isa = PBXBuildFile; fileRef = AA5522A01916E9CB005D5950 /* AudioToolbox.framework */; };
		AA5522A31916E9D4005D5950 /* CFNetwork.framework in Frameworks */ = {isa = PBXBuildFile; fileRef = AA5522A21916E9D4005D5950 /* CFNetwork.framework */; };
		AA5522A51916E9FC005D5950 /* CoreLocation.framework in Frameworks */ = {isa = PBXBuildFile; fileRef = AA5522A41916E9FC005D5950 /* CoreLocation.framework */; };
		AA5522A71916EA10005D5950 /* libz.1.1.3.dylib in Frameworks */ = {isa = PBXBuildFile; fileRef = AA5522A61916EA0F005D5950 /* libz.1.1.3.dylib */; };
		AA5522A91916EA1A005D5950 /* MobileCoreServices.framework in Frameworks */ = {isa = PBXBuildFile; fileRef = AA5522A81916EA1A005D5950 /* MobileCoreServices.framework */; };
		AA5522AB1916EA25005D5950 /* QuartzCore.framework in Frameworks */ = {isa = PBXBuildFile; fileRef = AA5522AA1916EA25005D5950 /* QuartzCore.framework */; };
		AA5522AD1916EA2F005D5950 /* Security.framework in Frameworks */ = {isa = PBXBuildFile; fileRef = AA5522AC1916EA2F005D5950 /* Security.framework */; };
		AA5522AF1916EA8A005D5950 /* StoreKit.framework in Frameworks */ = {isa = PBXBuildFile; fileRef = AA5522AE1916EA8A005D5950 /* StoreKit.framework */; };
		AA5522B11916EA95005D5950 /* SystemConfiguration.framework in Frameworks */ = {isa = PBXBuildFile; fileRef = AA5522B01916EA95005D5950 /* SystemConfiguration.framework */; };
		AA5522C01916EB99005D5950 /* iPhone.storyboard in Resources */ = {isa = PBXBuildFile; fileRef = AA5522BF1916EB99005D5950 /* iPhone.storyboard */; };
		AA5522C81916ECD8005D5950 /* LeftMenuViewController.m in Sources */ = {isa = PBXBuildFile; fileRef = AA5522C71916ECD8005D5950 /* LeftMenuViewController.m */; };
		AA5522CB1916EDB3005D5950 /* RootViewController.m in Sources */ = {isa = PBXBuildFile; fileRef = AA5522CA1916EDB3005D5950 /* RootViewController.m */; };
		AA5522CE1916F360005D5950 /* RightMenuViewController.m in Sources */ = {isa = PBXBuildFile; fileRef = AA5522CD1916F360005D5950 /* RightMenuViewController.m */; };
		AA5522D31916F6B7005D5950 /* AccountsTableViewController.m in Sources */ = {isa = PBXBuildFile; fileRef = AA5522D21916F6B7005D5950 /* AccountsTableViewController.m */; };
		AA5522D81916F8A9005D5950 /* LoginViewController.m in Sources */ = {isa = PBXBuildFile; fileRef = AA5522D71916F8A9005D5950 /* LoginViewController.m */; };
		AA5522DE1916F90E005D5950 /* SignupViewController.m in Sources */ = {isa = PBXBuildFile; fileRef = AA5522DD1916F90E005D5950 /* SignupViewController.m */; };
		AA5522E119173034005D5950 /* OtherUserInfoTableViewController.m in Sources */ = {isa = PBXBuildFile; fileRef = AA5522E019173034005D5950 /* OtherUserInfoTableViewController.m */; };
		AA5522E5191748DB005D5950 /* UIImage+RoundedImage.m in Sources */ = {isa = PBXBuildFile; fileRef = AA5522E4191748DB005D5950 /* UIImage+RoundedImage.m */; };
		AA5522E819186F08005D5950 /* AccountEditTableViewController.m in Sources */ = {isa = PBXBuildFile; fileRef = AA5522E719186F08005D5950 /* AccountEditTableViewController.m */; };
		AAC2047119215A8400B2744C /* CoreDataStack.m in Sources */ = {isa = PBXBuildFile; fileRef = AAC2047019215A8400B2744C /* CoreDataStack.m */; };
		AAC204CE1921910600B2744C /* AccountCell.m in Sources */ = {isa = PBXBuildFile; fileRef = AAC204CD1921910600B2744C /* AccountCell.m */; };
		AAC204D119228D1300B2744C /* AccountDetail.m in Sources */ = {isa = PBXBuildFile; fileRef = AAC204D019228D1300B2744C /* AccountDetail.m */; };
		AAC204D71922A2F000B2744C /* OrderViewController.m in Sources */ = {isa = PBXBuildFile; fileRef = AAC204D61922A2F000B2744C /* OrderViewController.m */; };
		AAC204DE1922B3D500B2744C /* ProductTableViewController.m in Sources */ = {isa = PBXBuildFile; fileRef = AAC204DD1922B3D500B2744C /* ProductTableViewController.m */; };
		AAC204E11922B3EC00B2744C /* ProductDetailTableViewController.m in Sources */ = {isa = PBXBuildFile; fileRef = AAC204E01922B3EC00B2744C /* ProductDetailTableViewController.m */; };
		AAC205091922CFE500B2744C /* Model.xcdatamodeld in Sources */ = {isa = PBXBuildFile; fileRef = AAC205071922CFE500B2744C /* Model.xcdatamodeld */; };
		AAC205181923F50200B2744C /* ProductCell.m in Sources */ = {isa = PBXBuildFile; fileRef = AAC205171923F50200B2744C /* ProductCell.m */; };
		AAC2051C192496A900B2744C /* OrderMasterViewController.m in Sources */ = {isa = PBXBuildFile; fileRef = AAC2051B192496A900B2744C /* OrderMasterViewController.m */; };
/* End PBXBuildFile section */

/* Begin PBXContainerItemProxy section */
		AA5522881916E98E005D5950 /* PBXContainerItemProxy */ = {
			isa = PBXContainerItemProxy;
			containerPortal = AA55225A1916E98E005D5950 /* Project object */;
			proxyType = 1;
			remoteGlobalIDString = AA5522611916E98E005D5950;
			remoteInfo = VRINX;
		};
/* End PBXContainerItemProxy section */

/* Begin PBXFileReference section */
		861B470D19326865009E9EBD /* BEMCircle.h */ = {isa = PBXFileReference; fileEncoding = 4; lastKnownFileType = sourcecode.c.h; path = BEMCircle.h; sourceTree = "<group>"; };
		861B470E19326865009E9EBD /* BEMCircle.m */ = {isa = PBXFileReference; fileEncoding = 4; lastKnownFileType = sourcecode.c.objc; path = BEMCircle.m; sourceTree = "<group>"; };
		861B470F19326865009E9EBD /* BEMLine.h */ = {isa = PBXFileReference; fileEncoding = 4; lastKnownFileType = sourcecode.c.h; path = BEMLine.h; sourceTree = "<group>"; };
		861B471019326865009E9EBD /* BEMLine.m */ = {isa = PBXFileReference; fileEncoding = 4; lastKnownFileType = sourcecode.c.objc; path = BEMLine.m; sourceTree = "<group>"; };
		861B471119326865009E9EBD /* BEMSimpleLineGraphView.h */ = {isa = PBXFileReference; fileEncoding = 4; lastKnownFileType = sourcecode.c.h; path = BEMSimpleLineGraphView.h; sourceTree = "<group>"; };
		861B471219326865009E9EBD /* BEMSimpleLineGraphView.m */ = {isa = PBXFileReference; fileEncoding = 4; lastKnownFileType = sourcecode.c.objc; path = BEMSimpleLineGraphView.m; sourceTree = "<group>"; };
		861B47181932B302009E9EBD /* UIButton+uuid.h */ = {isa = PBXFileReference; fileEncoding = 4; lastKnownFileType = sourcecode.c.h; path = "UIButton+uuid.h"; sourceTree = "<group>"; };
		861B47191932B302009E9EBD /* UIButton+uuid.m */ = {isa = PBXFileReference; fileEncoding = 4; lastKnownFileType = sourcecode.c.objc; path = "UIButton+uuid.m"; sourceTree = "<group>"; };
		861B47201932C58F009E9EBD /* CustomButton.h */ = {isa = PBXFileReference; fileEncoding = 4; lastKnownFileType = sourcecode.c.h; path = CustomButton.h; sourceTree = "<group>"; };
		861B47211932C58F009E9EBD /* CustomButton.m */ = {isa = PBXFileReference; fileEncoding = 4; lastKnownFileType = sourcecode.c.objc; path = CustomButton.m; sourceTree = "<group>"; };
		86799857191A84EC0070DFFF /* RMDateSelectionViewController.h */ = {isa = PBXFileReference; fileEncoding = 4; lastKnownFileType = sourcecode.c.h; name = RMDateSelectionViewController.h; path = VRINX/RMDateSelectionViewController.h; sourceTree = SOURCE_ROOT; };
		86799858191A84EC0070DFFF /* RMDateSelectionViewController.m */ = {isa = PBXFileReference; fileEncoding = 4; lastKnownFileType = sourcecode.c.objc; name = RMDateSelectionViewController.m; path = VRINX/RMDateSelectionViewController.m; sourceTree = SOURCE_ROOT; };
		86799872191A94A50070DFFF /* UIViewController+MJPopupViewController.h */ = {isa = PBXFileReference; fileEncoding = 4; lastKnownFileType = sourcecode.c.h; path = "UIViewController+MJPopupViewController.h"; sourceTree = "<group>"; };
		86799873191A94A50070DFFF /* UIViewController+MJPopupViewController.m */ = {isa = PBXFileReference; fileEncoding = 4; lastKnownFileType = sourcecode.c.objc; path = "UIViewController+MJPopupViewController.m"; sourceTree = "<group>"; };
		86799875191A94F50070DFFF /* MJPopupBackgroundView.h */ = {isa = PBXFileReference; fileEncoding = 4; lastKnownFileType = sourcecode.c.h; path = MJPopupBackgroundView.h; sourceTree = "<group>"; };
		86799876191A94F50070DFFF /* MJPopupBackgroundView.m */ = {isa = PBXFileReference; fileEncoding = 4; lastKnownFileType = sourcecode.c.objc; path = MJPopupBackgroundView.m; sourceTree = "<group>"; };
		86799884191AA1DA0070DFFF /* CusAlertView.h */ = {isa = PBXFileReference; fileEncoding = 4; lastKnownFileType = sourcecode.c.h; path = CusAlertView.h; sourceTree = "<group>"; };
		86799885191AA1DA0070DFFF /* CusAlertView.m */ = {isa = PBXFileReference; fileEncoding = 4; lastKnownFileType = sourcecode.c.objc; path = CusAlertView.m; sourceTree = "<group>"; };
		86799888191AA50D0070DFFF /* GlobalPopupAlert.h */ = {isa = PBXFileReference; fileEncoding = 4; lastKnownFileType = sourcecode.c.h; path = GlobalPopupAlert.h; sourceTree = "<group>"; };
		86799889191AA50D0070DFFF /* GlobalPopupAlert.m */ = {isa = PBXFileReference; fileEncoding = 4; lastKnownFileType = sourcecode.c.objc; path = GlobalPopupAlert.m; sourceTree = "<group>"; };
		8679988B191AAB620070DFFF /* CustomIOS7AlertView.h */ = {isa = PBXFileReference; fileEncoding = 4; lastKnownFileType = sourcecode.c.h; path = CustomIOS7AlertView.h; sourceTree = "<group>"; };
		8679988C191AAB620070DFFF /* CustomIOS7AlertView.m */ = {isa = PBXFileReference; fileEncoding = 4; lastKnownFileType = sourcecode.c.objc; path = CustomIOS7AlertView.m; sourceTree = "<group>"; };
		8679988E1927ADAF0070DFFF /* OrderProductViewController.h */ = {isa = PBXFileReference; fileEncoding = 4; lastKnownFileType = sourcecode.c.h; path = OrderProductViewController.h; sourceTree = "<group>"; };
		8679988F1927ADAF0070DFFF /* OrderProductViewController.m */ = {isa = PBXFileReference; fileEncoding = 4; lastKnownFileType = sourcecode.c.objc; path = OrderProductViewController.m; sourceTree = "<group>"; };
		867998941927CBC60070DFFF /* EmptyOrderProductCell.h */ = {isa = PBXFileReference; fileEncoding = 4; lastKnownFileType = sourcecode.c.h; path = EmptyOrderProductCell.h; sourceTree = "<group>"; };
		867998951927CBC60070DFFF /* EmptyOrderProductCell.m */ = {isa = PBXFileReference; fileEncoding = 4; lastKnownFileType = sourcecode.c.objc; path = EmptyOrderProductCell.m; sourceTree = "<group>"; };
		867998A3192868660070DFFF /* OrderProductCell.h */ = {isa = PBXFileReference; fileEncoding = 4; lastKnownFileType = sourcecode.c.h; path = OrderProductCell.h; sourceTree = "<group>"; };
		867998A4192868660070DFFF /* OrderProductCell.m */ = {isa = PBXFileReference; fileEncoding = 4; lastKnownFileType = sourcecode.c.objc; path = OrderProductCell.m; sourceTree = "<group>"; };
		867998B51929BC870070DFFF /* EntityOrder.h */ = {isa = PBXFileReference; fileEncoding = 4; lastKnownFileType = sourcecode.c.h; path = EntityOrder.h; sourceTree = "<group>"; };
		867998B61929BC870070DFFF /* EntityOrder.m */ = {isa = PBXFileReference; fileEncoding = 4; lastKnownFileType = sourcecode.c.objc; path = EntityOrder.m; sourceTree = "<group>"; };
		867998B81929BC870070DFFF /* EntityOrderProduct.h */ = {isa = PBXFileReference; fileEncoding = 4; lastKnownFileType = sourcecode.c.h; path = EntityOrderProduct.h; sourceTree = "<group>"; };
		867998B91929BC870070DFFF /* EntityOrderProduct.m */ = {isa = PBXFileReference; fileEncoding = 4; lastKnownFileType = sourcecode.c.objc; path = EntityOrderProduct.m; sourceTree = "<group>"; };
		867998BC1929C8750070DFFF /* TempProduct.h */ = {isa = PBXFileReference; fileEncoding = 4; lastKnownFileType = sourcecode.c.h; path = TempProduct.h; sourceTree = "<group>"; };
		867998BD1929C8750070DFFF /* TempProduct.m */ = {isa = PBXFileReference; fileEncoding = 4; lastKnownFileType = sourcecode.c.objc; path = TempProduct.m; sourceTree = "<group>"; };
		867998C21929CAD10070DFFF /* TempOrderProduct.h */ = {isa = PBXFileReference; fileEncoding = 4; lastKnownFileType = sourcecode.c.h; path = TempOrderProduct.h; sourceTree = "<group>"; };
		867998C31929CAD10070DFFF /* TempOrderProduct.m */ = {isa = PBXFileReference; fileEncoding = 4; lastKnownFileType = sourcecode.c.objc; path = TempOrderProduct.m; sourceTree = "<group>"; };
		867998CA192AB1680070DFFF /* PSCropToolView.h */ = {isa = PBXFileReference; fileEncoding = 4; lastKnownFileType = sourcecode.c.h; path = PSCropToolView.h; sourceTree = "<group>"; };
		867998CB192AB1680070DFFF /* PSCropToolView.m */ = {isa = PBXFileReference; fileEncoding = 4; lastKnownFileType = sourcecode.c.objc; path = PSCropToolView.m; sourceTree = "<group>"; };
		867998CE192AB4A00070DFFF /* CroperViewController.h */ = {isa = PBXFileReference; fileEncoding = 4; lastKnownFileType = sourcecode.c.h; path = CroperViewController.h; sourceTree = "<group>"; };
		867998CF192AB4A00070DFFF /* CroperViewController.m */ = {isa = PBXFileReference; fileEncoding = 4; lastKnownFileType = sourcecode.c.objc; path = CroperViewController.m; sourceTree = "<group>"; };
		867998D1192AD4BB0070DFFF /* dyn_popup_view */ = {isa = PBXFileReference; fileEncoding = 4; lastKnownFileType = text; path = dyn_popup_view; sourceTree = "<group>"; };
		867998D5192C3FEA0070DFFF /* Parse.framework */ = {isa = PBXFileReference; lastKnownFileType = wrapper.framework; name = Parse.framework; path = ../../iosLibs/Parse.framework; sourceTree = "<group>"; };
		867998D7192C4CF10070DFFF /* EntityAccount.h */ = {isa = PBXFileReference; fileEncoding = 4; lastKnownFileType = sourcecode.c.h; path = EntityAccount.h; sourceTree = "<group>"; };
		867998D8192C4CF10070DFFF /* EntityAccount.m */ = {isa = PBXFileReference; fileEncoding = 4; lastKnownFileType = sourcecode.c.objc; path = EntityAccount.m; sourceTree = "<group>"; };
		867998DB192D27480070DFFF /* NSMutableArray+SWUtilityButtons.h */ = {isa = PBXFileReference; fileEncoding = 4; lastKnownFileType = sourcecode.c.h; path = "NSMutableArray+SWUtilityButtons.h"; sourceTree = "<group>"; };
		867998DC192D27480070DFFF /* NSMutableArray+SWUtilityButtons.m */ = {isa = PBXFileReference; fileEncoding = 4; lastKnownFileType = sourcecode.c.objc; path = "NSMutableArray+SWUtilityButtons.m"; sourceTree = "<group>"; };
		867998DD192D27480070DFFF /* SWCellScrollView.h */ = {isa = PBXFileReference; fileEncoding = 4; lastKnownFileType = sourcecode.c.h; path = SWCellScrollView.h; sourceTree = "<group>"; };
		867998DE192D27480070DFFF /* SWCellScrollView.m */ = {isa = PBXFileReference; fileEncoding = 4; lastKnownFileType = sourcecode.c.objc; path = SWCellScrollView.m; sourceTree = "<group>"; };
		867998DF192D27480070DFFF /* SWLongPressGestureRecognizer.h */ = {isa = PBXFileReference; fileEncoding = 4; lastKnownFileType = sourcecode.c.h; path = SWLongPressGestureRecognizer.h; sourceTree = "<group>"; };
		867998E0192D27480070DFFF /* SWLongPressGestureRecognizer.m */ = {isa = PBXFileReference; fileEncoding = 4; lastKnownFileType = sourcecode.c.objc; path = SWLongPressGestureRecognizer.m; sourceTree = "<group>"; };
		867998E1192D27480070DFFF /* SWTableViewCell.h */ = {isa = PBXFileReference; fileEncoding = 4; lastKnownFileType = sourcecode.c.h; path = SWTableViewCell.h; sourceTree = "<group>"; };
		867998E2192D27480070DFFF /* SWTableViewCell.m */ = {isa = PBXFileReference; fileEncoding = 4; lastKnownFileType = sourcecode.c.objc; path = SWTableViewCell.m; sourceTree = "<group>"; };
		867998E3192D27480070DFFF /* SWUtilityButtonTapGestureRecognizer.h */ = {isa = PBXFileReference; fileEncoding = 4; lastKnownFileType = sourcecode.c.h; path = SWUtilityButtonTapGestureRecognizer.h; sourceTree = "<group>"; };
		867998E4192D27480070DFFF /* SWUtilityButtonTapGestureRecognizer.m */ = {isa = PBXFileReference; fileEncoding = 4; lastKnownFileType = sourcecode.c.objc; path = SWUtilityButtonTapGestureRecognizer.m; sourceTree = "<group>"; };
		867998E5192D27480070DFFF /* SWUtilityButtonView.h */ = {isa = PBXFileReference; fileEncoding = 4; lastKnownFileType = sourcecode.c.h; path = SWUtilityButtonView.h; sourceTree = "<group>"; };
		867998E6192D27480070DFFF /* SWUtilityButtonView.m */ = {isa = PBXFileReference; fileEncoding = 4; lastKnownFileType = sourcecode.c.objc; path = SWUtilityButtonView.m; sourceTree = "<group>"; };
		867998EE192D33AC0070DFFF /* Tools.h */ = {isa = PBXFileReference; fileEncoding = 4; lastKnownFileType = sourcecode.c.h; path = Tools.h; sourceTree = "<group>"; };
		867998EF192D33AC0070DFFF /* Tools.m */ = {isa = PBXFileReference; fileEncoding = 4; lastKnownFileType = sourcecode.c.objc; path = Tools.m; sourceTree = "<group>"; };
		867998F1192DB0810070DFFF /* EntityProduct.h */ = {isa = PBXFileReference; fileEncoding = 4; lastKnownFileType = sourcecode.c.h; path = EntityProduct.h; sourceTree = "<group>"; };
		867998F2192DB0810070DFFF /* EntityProduct.m */ = {isa = PBXFileReference; fileEncoding = 4; lastKnownFileType = sourcecode.c.objc; path = EntityProduct.m; sourceTree = "<group>"; };
		AA3F0E67192BD0D10042186D /* RECommonFunctions.h */ = {isa = PBXFileReference; fileEncoding = 4; lastKnownFileType = sourcecode.c.h; path = RECommonFunctions.h; sourceTree = "<group>"; };
		AA3F0E68192BD0D10042186D /* RECommonFunctions.m */ = {isa = PBXFileReference; fileEncoding = 4; lastKnownFileType = sourcecode.c.objc; path = RECommonFunctions.m; sourceTree = "<group>"; };
		AA3F0E6A192BD1280042186D /* RESideMenu.h */ = {isa = PBXFileReference; fileEncoding = 4; lastKnownFileType = sourcecode.c.h; path = RESideMenu.h; sourceTree = "<group>"; };
		AA3F0E6B192BD1280042186D /* RESideMenu.m */ = {isa = PBXFileReference; fileEncoding = 4; lastKnownFileType = sourcecode.c.objc; path = RESideMenu.m; sourceTree = "<group>"; };
		AA3F0E6D192BD1860042186D /* UIViewController+RESideMenu.h */ = {isa = PBXFileReference; fileEncoding = 4; lastKnownFileType = sourcecode.c.h; path = "UIViewController+RESideMenu.h"; sourceTree = "<group>"; };
		AA3F0E6E192BD1860042186D /* UIViewController+RESideMenu.m */ = {isa = PBXFileReference; fileEncoding = 4; lastKnownFileType = sourcecode.c.objc; path = "UIViewController+RESideMenu.m"; sourceTree = "<group>"; };
		AA3F0E70192BD2DE0042186D /* TPKeyboardAvoidingScrollView.h */ = {isa = PBXFileReference; fileEncoding = 4; lastKnownFileType = sourcecode.c.h; path = TPKeyboardAvoidingScrollView.h; sourceTree = "<group>"; };
		AA3F0E71192BD2DE0042186D /* TPKeyboardAvoidingScrollView.m */ = {isa = PBXFileReference; fileEncoding = 4; lastKnownFileType = sourcecode.c.objc; path = TPKeyboardAvoidingScrollView.m; sourceTree = "<group>"; };
		AA3F0E95192C05450042186D /* JAQBlurryTableViewController.h */ = {isa = PBXFileReference; fileEncoding = 4; lastKnownFileType = sourcecode.c.h; path = JAQBlurryTableViewController.h; sourceTree = "<group>"; };
		AA3F0E96192C05450042186D /* JAQBlurryTableViewController.m */ = {isa = PBXFileReference; fileEncoding = 4; lastKnownFileType = sourcecode.c.objc; path = JAQBlurryTableViewController.m; sourceTree = "<group>"; };
		AA3F0E98192C05940042186D /* UIImage+ImageEffects.h */ = {isa = PBXFileReference; fileEncoding = 4; lastKnownFileType = sourcecode.c.h; path = "UIImage+ImageEffects.h"; sourceTree = "<group>"; };
		AA3F0E99192C05940042186D /* UIImage+ImageEffects.m */ = {isa = PBXFileReference; fileEncoding = 4; lastKnownFileType = sourcecode.c.objc; path = "UIImage+ImageEffects.m"; sourceTree = "<group>"; };
		AA5522621916E98E005D5950 /* VRINX.app */ = {isa = PBXFileReference; explicitFileType = wrapper.application; includeInIndex = 0; path = VRINX.app; sourceTree = BUILT_PRODUCTS_DIR; };
		AA5522651916E98E005D5950 /* Foundation.framework */ = {isa = PBXFileReference; lastKnownFileType = wrapper.framework; name = Foundation.framework; path = System/Library/Frameworks/Foundation.framework; sourceTree = SDKROOT; };
		AA5522671916E98E005D5950 /* CoreGraphics.framework */ = {isa = PBXFileReference; lastKnownFileType = wrapper.framework; name = CoreGraphics.framework; path = System/Library/Frameworks/CoreGraphics.framework; sourceTree = SDKROOT; };
		AA5522691916E98E005D5950 /* UIKit.framework */ = {isa = PBXFileReference; lastKnownFileType = wrapper.framework; name = UIKit.framework; path = System/Library/Frameworks/UIKit.framework; sourceTree = SDKROOT; };
		AA55226B1916E98E005D5950 /* CoreData.framework */ = {isa = PBXFileReference; lastKnownFileType = wrapper.framework; name = CoreData.framework; path = System/Library/Frameworks/CoreData.framework; sourceTree = SDKROOT; };
		AA55226F1916E98E005D5950 /* VRINX-Info.plist */ = {isa = PBXFileReference; lastKnownFileType = text.plist.xml; path = "VRINX-Info.plist"; sourceTree = "<group>"; };
		AA5522711916E98E005D5950 /* en */ = {isa = PBXFileReference; lastKnownFileType = text.plist.strings; name = en; path = en.lproj/InfoPlist.strings; sourceTree = "<group>"; };
		AA5522731916E98E005D5950 /* main.m */ = {isa = PBXFileReference; lastKnownFileType = sourcecode.c.objc; path = main.m; sourceTree = "<group>"; };
		AA5522751916E98E005D5950 /* VRINX-Prefix.pch */ = {isa = PBXFileReference; lastKnownFileType = sourcecode.c.h; path = "VRINX-Prefix.pch"; sourceTree = "<group>"; };
		AA5522761916E98E005D5950 /* AppDelegate.h */ = {isa = PBXFileReference; lastKnownFileType = sourcecode.c.h; path = AppDelegate.h; sourceTree = "<group>"; };
		AA5522771916E98E005D5950 /* AppDelegate.m */ = {isa = PBXFileReference; lastKnownFileType = sourcecode.c.objc; path = AppDelegate.m; sourceTree = "<group>"; };
		AA55227C1916E98E005D5950 /* Images.xcassets */ = {isa = PBXFileReference; lastKnownFileType = folder.assetcatalog; path = Images.xcassets; sourceTree = "<group>"; };
		AA5522821916E98E005D5950 /* VRINXTests.xctest */ = {isa = PBXFileReference; explicitFileType = wrapper.cfbundle; includeInIndex = 0; path = VRINXTests.xctest; sourceTree = BUILT_PRODUCTS_DIR; };
		AA5522831916E98E005D5950 /* XCTest.framework */ = {isa = PBXFileReference; lastKnownFileType = wrapper.framework; name = XCTest.framework; path = Library/Frameworks/XCTest.framework; sourceTree = DEVELOPER_DIR; };
		AA55228C1916E98E005D5950 /* VRINXTests-Info.plist */ = {isa = PBXFileReference; lastKnownFileType = text.plist.xml; path = "VRINXTests-Info.plist"; sourceTree = "<group>"; };
		AA55228E1916E98E005D5950 /* en */ = {isa = PBXFileReference; lastKnownFileType = text.plist.strings; name = en; path = en.lproj/InfoPlist.strings; sourceTree = "<group>"; };
		AA5522901916E98E005D5950 /* VRINXTests.m */ = {isa = PBXFileReference; lastKnownFileType = sourcecode.c.objc; path = VRINXTests.m; sourceTree = "<group>"; };
		AA55229A1916E9B4005D5950 /* AudioUnit.framework */ = {isa = PBXFileReference; lastKnownFileType = wrapper.framework; name = AudioUnit.framework; path = System/Library/Frameworks/AudioUnit.framework; sourceTree = SDKROOT; };
		AA55229B1916E9B4005D5950 /* AVFoundation.framework */ = {isa = PBXFileReference; lastKnownFileType = wrapper.framework; name = AVFoundation.framework; path = System/Library/Frameworks/AVFoundation.framework; sourceTree = SDKROOT; };
		AA55229C1916E9B4005D5950 /* bundle1.o */ = {isa = PBXFileReference; lastKnownFileType = "compiled.mach-o.objfile"; name = bundle1.o; path = usr/lib/bundle1.o; sourceTree = SDKROOT; };
		AA5522A01916E9CB005D5950 /* AudioToolbox.framework */ = {isa = PBXFileReference; lastKnownFileType = wrapper.framework; name = AudioToolbox.framework; path = System/Library/Frameworks/AudioToolbox.framework; sourceTree = SDKROOT; };
		AA5522A21916E9D4005D5950 /* CFNetwork.framework */ = {isa = PBXFileReference; lastKnownFileType = wrapper.framework; name = CFNetwork.framework; path = System/Library/Frameworks/CFNetwork.framework; sourceTree = SDKROOT; };
		AA5522A41916E9FC005D5950 /* CoreLocation.framework */ = {isa = PBXFileReference; lastKnownFileType = wrapper.framework; name = CoreLocation.framework; path = System/Library/Frameworks/CoreLocation.framework; sourceTree = SDKROOT; };
		AA5522A61916EA0F005D5950 /* libz.1.1.3.dylib */ = {isa = PBXFileReference; lastKnownFileType = "compiled.mach-o.dylib"; name = libz.1.1.3.dylib; path = usr/lib/libz.1.1.3.dylib; sourceTree = SDKROOT; };
		AA5522A81916EA1A005D5950 /* MobileCoreServices.framework */ = {isa = PBXFileReference; lastKnownFileType = wrapper.framework; name = MobileCoreServices.framework; path = System/Library/Frameworks/MobileCoreServices.framework; sourceTree = SDKROOT; };
		AA5522AA1916EA25005D5950 /* QuartzCore.framework */ = {isa = PBXFileReference; lastKnownFileType = wrapper.framework; name = QuartzCore.framework; path = System/Library/Frameworks/QuartzCore.framework; sourceTree = SDKROOT; };
		AA5522AC1916EA2F005D5950 /* Security.framework */ = {isa = PBXFileReference; lastKnownFileType = wrapper.framework; name = Security.framework; path = System/Library/Frameworks/Security.framework; sourceTree = SDKROOT; };
		AA5522AE1916EA8A005D5950 /* StoreKit.framework */ = {isa = PBXFileReference; lastKnownFileType = wrapper.framework; name = StoreKit.framework; path = System/Library/Frameworks/StoreKit.framework; sourceTree = SDKROOT; };
		AA5522B01916EA95005D5950 /* SystemConfiguration.framework */ = {isa = PBXFileReference; lastKnownFileType = wrapper.framework; name = SystemConfiguration.framework; path = System/Library/Frameworks/SystemConfiguration.framework; sourceTree = SDKROOT; };
		AA5522BF1916EB99005D5950 /* iPhone.storyboard */ = {isa = PBXFileReference; fileEncoding = 4; lastKnownFileType = file.storyboard; name = iPhone.storyboard; path = VRINX/iPhone.storyboard; sourceTree = "<group>"; };
		AA5522C61916ECD8005D5950 /* LeftMenuViewController.h */ = {isa = PBXFileReference; fileEncoding = 4; lastKnownFileType = sourcecode.c.h; path = LeftMenuViewController.h; sourceTree = "<group>"; };
		AA5522C71916ECD8005D5950 /* LeftMenuViewController.m */ = {isa = PBXFileReference; fileEncoding = 4; lastKnownFileType = sourcecode.c.objc; path = LeftMenuViewController.m; sourceTree = "<group>"; };
		AA5522C91916EDB3005D5950 /* RootViewController.h */ = {isa = PBXFileReference; fileEncoding = 4; lastKnownFileType = sourcecode.c.h; path = RootViewController.h; sourceTree = "<group>"; };
		AA5522CA1916EDB3005D5950 /* RootViewController.m */ = {isa = PBXFileReference; fileEncoding = 4; lastKnownFileType = sourcecode.c.objc; path = RootViewController.m; sourceTree = "<group>"; };
		AA5522CC1916F360005D5950 /* RightMenuViewController.h */ = {isa = PBXFileReference; fileEncoding = 4; lastKnownFileType = sourcecode.c.h; path = RightMenuViewController.h; sourceTree = "<group>"; };
		AA5522CD1916F360005D5950 /* RightMenuViewController.m */ = {isa = PBXFileReference; fileEncoding = 4; lastKnownFileType = sourcecode.c.objc; path = RightMenuViewController.m; sourceTree = "<group>"; };
		AA5522D11916F6B7005D5950 /* AccountsTableViewController.h */ = {isa = PBXFileReference; fileEncoding = 4; lastKnownFileType = sourcecode.c.h; path = AccountsTableViewController.h; sourceTree = "<group>"; };
		AA5522D21916F6B7005D5950 /* AccountsTableViewController.m */ = {isa = PBXFileReference; fileEncoding = 4; lastKnownFileType = sourcecode.c.objc; path = AccountsTableViewController.m; sourceTree = "<group>"; };
		AA5522D61916F8A9005D5950 /* LoginViewController.h */ = {isa = PBXFileReference; fileEncoding = 4; lastKnownFileType = sourcecode.c.h; path = LoginViewController.h; sourceTree = "<group>"; };
		AA5522D71916F8A9005D5950 /* LoginViewController.m */ = {isa = PBXFileReference; fileEncoding = 4; lastKnownFileType = sourcecode.c.objc; path = LoginViewController.m; sourceTree = "<group>"; };
		AA5522DC1916F90E005D5950 /* SignupViewController.h */ = {isa = PBXFileReference; fileEncoding = 4; lastKnownFileType = sourcecode.c.h; path = SignupViewController.h; sourceTree = "<group>"; };
		AA5522DD1916F90E005D5950 /* SignupViewController.m */ = {isa = PBXFileReference; fileEncoding = 4; lastKnownFileType = sourcecode.c.objc; path = SignupViewController.m; sourceTree = "<group>"; };
		AA5522DF19173034005D5950 /* OtherUserInfoTableViewController.h */ = {isa = PBXFileReference; fileEncoding = 4; lastKnownFileType = sourcecode.c.h; path = OtherUserInfoTableViewController.h; sourceTree = "<group>"; };
		AA5522E019173034005D5950 /* OtherUserInfoTableViewController.m */ = {isa = PBXFileReference; fileEncoding = 4; lastKnownFileType = sourcecode.c.objc; path = OtherUserInfoTableViewController.m; sourceTree = "<group>"; };
		AA5522E3191748DB005D5950 /* UIImage+RoundedImage.h */ = {isa = PBXFileReference; fileEncoding = 4; lastKnownFileType = sourcecode.c.h; path = "UIImage+RoundedImage.h"; sourceTree = "<group>"; };
		AA5522E4191748DB005D5950 /* UIImage+RoundedImage.m */ = {isa = PBXFileReference; fileEncoding = 4; lastKnownFileType = sourcecode.c.objc; path = "UIImage+RoundedImage.m"; sourceTree = "<group>"; };
		AA5522E619186F08005D5950 /* AccountEditTableViewController.h */ = {isa = PBXFileReference; fileEncoding = 4; lastKnownFileType = sourcecode.c.h; path = AccountEditTableViewController.h; sourceTree = "<group>"; };
		AA5522E719186F08005D5950 /* AccountEditTableViewController.m */ = {isa = PBXFileReference; fileEncoding = 4; lastKnownFileType = sourcecode.c.objc; path = AccountEditTableViewController.m; sourceTree = "<group>"; };
		AAC2046F19215A8400B2744C /* CoreDataStack.h */ = {isa = PBXFileReference; fileEncoding = 4; lastKnownFileType = sourcecode.c.h; path = CoreDataStack.h; sourceTree = "<group>"; };
		AAC2047019215A8400B2744C /* CoreDataStack.m */ = {isa = PBXFileReference; fileEncoding = 4; lastKnownFileType = sourcecode.c.objc; path = CoreDataStack.m; sourceTree = "<group>"; };
		AAC204CC1921910600B2744C /* AccountCell.h */ = {isa = PBXFileReference; fileEncoding = 4; lastKnownFileType = sourcecode.c.h; path = AccountCell.h; sourceTree = "<group>"; };
		AAC204CD1921910600B2744C /* AccountCell.m */ = {isa = PBXFileReference; fileEncoding = 4; lastKnownFileType = sourcecode.c.objc; path = AccountCell.m; sourceTree = "<group>"; };
		AAC204CF19228D1300B2744C /* AccountDetail.h */ = {isa = PBXFileReference; fileEncoding = 4; lastKnownFileType = sourcecode.c.h; path = AccountDetail.h; sourceTree = "<group>"; };
		AAC204D019228D1300B2744C /* AccountDetail.m */ = {isa = PBXFileReference; fileEncoding = 4; lastKnownFileType = sourcecode.c.objc; path = AccountDetail.m; sourceTree = "<group>"; };
		AAC204D51922A2F000B2744C /* OrderViewController.h */ = {isa = PBXFileReference; fileEncoding = 4; lastKnownFileType = sourcecode.c.h; path = OrderViewController.h; sourceTree = "<group>"; };
		AAC204D61922A2F000B2744C /* OrderViewController.m */ = {isa = PBXFileReference; fileEncoding = 4; lastKnownFileType = sourcecode.c.objc; path = OrderViewController.m; sourceTree = "<group>"; };
		AAC204DC1922B3D500B2744C /* ProductTableViewController.h */ = {isa = PBXFileReference; fileEncoding = 4; lastKnownFileType = sourcecode.c.h; path = ProductTableViewController.h; sourceTree = "<group>"; };
		AAC204DD1922B3D500B2744C /* ProductTableViewController.m */ = {isa = PBXFileReference; fileEncoding = 4; lastKnownFileType = sourcecode.c.objc; path = ProductTableViewController.m; sourceTree = "<group>"; };
		AAC204DF1922B3EC00B2744C /* ProductDetailTableViewController.h */ = {isa = PBXFileReference; fileEncoding = 4; lastKnownFileType = sourcecode.c.h; path = ProductDetailTableViewController.h; sourceTree = "<group>"; };
		AAC204E01922B3EC00B2744C /* ProductDetailTableViewController.m */ = {isa = PBXFileReference; fileEncoding = 4; lastKnownFileType = sourcecode.c.objc; path = ProductDetailTableViewController.m; sourceTree = "<group>"; };
		AAC205081922CFE500B2744C /* Model.xcdatamodel */ = {isa = PBXFileReference; lastKnownFileType = wrapper.xcdatamodel; path = Model.xcdatamodel; sourceTree = "<group>"; };
		AAC205161923F50200B2744C /* ProductCell.h */ = {isa = PBXFileReference; fileEncoding = 4; lastKnownFileType = sourcecode.c.h; path = ProductCell.h; sourceTree = "<group>"; };
		AAC205171923F50200B2744C /* ProductCell.m */ = {isa = PBXFileReference; fileEncoding = 4; lastKnownFileType = sourcecode.c.objc; path = ProductCell.m; sourceTree = "<group>"; };
		AAC2051A192496A900B2744C /* OrderMasterViewController.h */ = {isa = PBXFileReference; fileEncoding = 4; lastKnownFileType = sourcecode.c.h; path = OrderMasterViewController.h; sourceTree = "<group>"; };
		AAC2051B192496A900B2744C /* OrderMasterViewController.m */ = {isa = PBXFileReference; fileEncoding = 4; lastKnownFileType = sourcecode.c.objc; path = OrderMasterViewController.m; sourceTree = "<group>"; };
/* End PBXFileReference section */

/* Begin PBXFrameworksBuildPhase section */
		AA55225F1916E98E005D5950 /* Frameworks */ = {
			isa = PBXFrameworksBuildPhase;
			buildActionMask = 2147483647;
			files = (
				867998D6192C3FEA0070DFFF /* Parse.framework in Frameworks */,
				AA5522B11916EA95005D5950 /* SystemConfiguration.framework in Frameworks */,
				AA5522AF1916EA8A005D5950 /* StoreKit.framework in Frameworks */,
				AA5522AD1916EA2F005D5950 /* Security.framework in Frameworks */,
				AA5522AB1916EA25005D5950 /* QuartzCore.framework in Frameworks */,
				AA5522A91916EA1A005D5950 /* MobileCoreServices.framework in Frameworks */,
				AA5522A71916EA10005D5950 /* libz.1.1.3.dylib in Frameworks */,
				AA5522661916E98E005D5950 /* Foundation.framework in Frameworks */,
				AA5522A51916E9FC005D5950 /* CoreLocation.framework in Frameworks */,
				AA5522681916E98E005D5950 /* CoreGraphics.framework in Frameworks */,
				AA55226C1916E98E005D5950 /* CoreData.framework in Frameworks */,
				AA5522A31916E9D4005D5950 /* CFNetwork.framework in Frameworks */,
				AA5522A11916E9CB005D5950 /* AudioToolbox.framework in Frameworks */,
				AA55229F1916E9B4005D5950 /* bundle1.o in Frameworks */,
				AA55226A1916E98E005D5950 /* UIKit.framework in Frameworks */,
			);
			runOnlyForDeploymentPostprocessing = 0;
		};
		AA55227F1916E98E005D5950 /* Frameworks */ = {
			isa = PBXFrameworksBuildPhase;
			buildActionMask = 2147483647;
			files = (
				AA5522841916E98E005D5950 /* XCTest.framework in Frameworks */,
				AA5522871916E98E005D5950 /* CoreData.framework in Frameworks */,
				AA5522861916E98E005D5950 /* UIKit.framework in Frameworks */,
				AA5522851916E98E005D5950 /* Foundation.framework in Frameworks */,
			);
			runOnlyForDeploymentPostprocessing = 0;
		};
/* End PBXFrameworksBuildPhase section */

/* Begin PBXGroup section */
		861B47161932B2D8009E9EBD /* Categories */ = {
			isa = PBXGroup;
			children = (
				861B47171932B2E4009E9EBD /* Buttons */,
			);
			name = Categories;
			sourceTree = "<group>";
		};
		861B47171932B2E4009E9EBD /* Buttons */ = {
			isa = PBXGroup;
			children = (
				861B47181932B302009E9EBD /* UIButton+uuid.h */,
				861B47191932B302009E9EBD /* UIButton+uuid.m */,
				861B47201932C58F009E9EBD /* CustomButton.h */,
				861B47211932C58F009E9EBD /* CustomButton.m */,
			);
			name = Buttons;
			sourceTree = "<group>";
		};
		86799871191A94830070DFFF /* UIViewExtended */ = {
			isa = PBXGroup;
			children = (
				86799872191A94A50070DFFF /* UIViewController+MJPopupViewController.h */,
				86799873191A94A50070DFFF /* UIViewController+MJPopupViewController.m */,
				86799875191A94F50070DFFF /* MJPopupBackgroundView.h */,
				86799876191A94F50070DFFF /* MJPopupBackgroundView.m */,
			);
			name = UIViewExtended;
			sourceTree = "<group>";
		};
		86799887191AA4EC0070DFFF /* popups */ = {
			isa = PBXGroup;
			children = (
				8679988B191AAB620070DFFF /* CustomIOS7AlertView.h */,
				8679988C191AAB620070DFFF /* CustomIOS7AlertView.m */,
				86799888191AA50D0070DFFF /* GlobalPopupAlert.h */,
				86799889191AA50D0070DFFF /* GlobalPopupAlert.m */,
			);
			name = popups;
			sourceTree = "<group>";
		};
		867998BB1929C8070070DFFF /* TempModels */ = {
			isa = PBXGroup;
			children = (
				867998BC1929C8750070DFFF /* TempProduct.h */,
				867998BD1929C8750070DFFF /* TempProduct.m */,
				867998C21929CAD10070DFFF /* TempOrderProduct.h */,
				867998C31929CAD10070DFFF /* TempOrderProduct.m */,
			);
			name = TempModels;
			sourceTree = "<group>";
		};
		867998C9192AB12B0070DFFF /* PSCropToolComponent */ = {
			isa = PBXGroup;
			children = (
				867998CA192AB1680070DFFF /* PSCropToolView.h */,
				867998CB192AB1680070DFFF /* PSCropToolView.m */,
			);
			name = PSCropToolComponent;
			sourceTree = "<group>";
		};
		867998CD192AB2110070DFFF /* Tools */ = {
			isa = PBXGroup;
			children = (
				867998CE192AB4A00070DFFF /* CroperViewController.h */,
				867998CF192AB4A00070DFFF /* CroperViewController.m */,
			);
			name = Tools;
			sourceTree = "<group>";
		};
		867998DA192D271B0070DFFF /* SWTableViewCell */ = {
			isa = PBXGroup;
			children = (
				867998DB192D27480070DFFF /* NSMutableArray+SWUtilityButtons.h */,
				867998DC192D27480070DFFF /* NSMutableArray+SWUtilityButtons.m */,
				867998DD192D27480070DFFF /* SWCellScrollView.h */,
				867998DE192D27480070DFFF /* SWCellScrollView.m */,
				867998DF192D27480070DFFF /* SWLongPressGestureRecognizer.h */,
				867998E0192D27480070DFFF /* SWLongPressGestureRecognizer.m */,
				867998E1192D27480070DFFF /* SWTableViewCell.h */,
				867998E2192D27480070DFFF /* SWTableViewCell.m */,
				867998E3192D27480070DFFF /* SWUtilityButtonTapGestureRecognizer.h */,
				867998E4192D27480070DFFF /* SWUtilityButtonTapGestureRecognizer.m */,
				867998E5192D27480070DFFF /* SWUtilityButtonView.h */,
				867998E6192D27480070DFFF /* SWUtilityButtonView.m */,
			);
			name = SWTableViewCell;
			sourceTree = "<group>";
		};
		867998ED192D338B0070DFFF /* Misc */ = {
			isa = PBXGroup;
			children = (
				867998EE192D33AC0070DFFF /* Tools.h */,
				867998EF192D33AC0070DFFF /* Tools.m */,
			);
			name = Misc;
			sourceTree = "<group>";
		};
		AA3F0E66192BD08C0042186D /* RESideMenu */ = {
			isa = PBXGroup;
			children = (
				AA3F0E67192BD0D10042186D /* RECommonFunctions.h */,
				AA3F0E68192BD0D10042186D /* RECommonFunctions.m */,
				AA3F0E6A192BD1280042186D /* RESideMenu.h */,
				AA3F0E6B192BD1280042186D /* RESideMenu.m */,
				AA3F0E6D192BD1860042186D /* UIViewController+RESideMenu.h */,
				AA3F0E6E192BD1860042186D /* UIViewController+RESideMenu.m */,
			);
			name = RESideMenu;
			sourceTree = "<group>";
		};
		AA3F0E80192BFD7C0042186D /* Charts */ = {
			isa = PBXGroup;
			children = (
				AA3F0E81192BFD810042186D /* SimpleLineChart */,
			);
			name = Charts;
			sourceTree = "<group>";
		};
		AA3F0E81192BFD810042186D /* SimpleLineChart */ = {
			isa = PBXGroup;
			children = (
				861B470D19326865009E9EBD /* BEMCircle.h */,
				861B470E19326865009E9EBD /* BEMCircle.m */,
				861B470F19326865009E9EBD /* BEMLine.h */,
				861B471019326865009E9EBD /* BEMLine.m */,
				861B471119326865009E9EBD /* BEMSimpleLineGraphView.h */,
				861B471219326865009E9EBD /* BEMSimpleLineGraphView.m */,
			);
			name = SimpleLineChart;
			sourceTree = "<group>";
		};
		AA3F0E94192C04FF0042186D /* JAQBlurry */ = {
			isa = PBXGroup;
			children = (
				AA3F0E95192C05450042186D /* JAQBlurryTableViewController.h */,
				AA3F0E96192C05450042186D /* JAQBlurryTableViewController.m */,
				AA3F0E98192C05940042186D /* UIImage+ImageEffects.h */,
				AA3F0E99192C05940042186D /* UIImage+ImageEffects.m */,
			);
			name = JAQBlurry;
			sourceTree = "<group>";
		};
		AA5522591916E98E005D5950 = {
			isa = PBXGroup;
			children = (
				867998D1192AD4BB0070DFFF /* dyn_popup_view */,
				AA5522BF1916EB99005D5950 /* iPhone.storyboard */,
				AA55226D1916E98E005D5950 /* VRINX */,
				AA55228A1916E98E005D5950 /* VRINXTests */,
				AA5522641916E98E005D5950 /* Frameworks */,
				AA5522631916E98E005D5950 /* Products */,
			);
			sourceTree = "<group>";
		};
		AA5522631916E98E005D5950 /* Products */ = {
			isa = PBXGroup;
			children = (
				AA5522621916E98E005D5950 /* VRINX.app */,
				AA5522821916E98E005D5950 /* VRINXTests.xctest */,
			);
			name = Products;
			sourceTree = "<group>";
		};
		AA5522641916E98E005D5950 /* Frameworks */ = {
			isa = PBXGroup;
			children = (
				867998D5192C3FEA0070DFFF /* Parse.framework */,
				AA5522B01916EA95005D5950 /* SystemConfiguration.framework */,
				AA5522AE1916EA8A005D5950 /* StoreKit.framework */,
				AA5522AC1916EA2F005D5950 /* Security.framework */,
				AA5522AA1916EA25005D5950 /* QuartzCore.framework */,
				AA5522A81916EA1A005D5950 /* MobileCoreServices.framework */,
				AA5522A61916EA0F005D5950 /* libz.1.1.3.dylib */,
				AA5522A41916E9FC005D5950 /* CoreLocation.framework */,
				AA5522A21916E9D4005D5950 /* CFNetwork.framework */,
				AA5522A01916E9CB005D5950 /* AudioToolbox.framework */,
				AA55229A1916E9B4005D5950 /* AudioUnit.framework */,
				AA55229B1916E9B4005D5950 /* AVFoundation.framework */,
				AA55229C1916E9B4005D5950 /* bundle1.o */,
				AA5522651916E98E005D5950 /* Foundation.framework */,
				AA5522671916E98E005D5950 /* CoreGraphics.framework */,
				AA5522691916E98E005D5950 /* UIKit.framework */,
				AA55226B1916E98E005D5950 /* CoreData.framework */,
				AA5522831916E98E005D5950 /* XCTest.framework */,
			);
			name = Frameworks;
			sourceTree = "<group>";
		};
		AA55226D1916E98E005D5950 /* VRINX */ = {
			isa = PBXGroup;
			children = (
				867998ED192D338B0070DFFF /* Misc */,
				AA5522E919188529005D5950 /* Model */,
				AA5522C51916EC7A005D5950 /* ViewControllers */,
				AA5522B41916EAC6005D5950 /* ExternalClasses */,
				AA5522761916E98E005D5950 /* AppDelegate.h */,
				AA5522771916E98E005D5950 /* AppDelegate.m */,
				AA55227C1916E98E005D5950 /* Images.xcassets */,
				AA55226E1916E98E005D5950 /* Supporting Files */,
				AAC205071922CFE500B2744C /* Model.xcdatamodeld */,
				86799884191AA1DA0070DFFF /* CusAlertView.h */,
				86799885191AA1DA0070DFFF /* CusAlertView.m */,
			);
			path = VRINX;
			sourceTree = "<group>";
		};
		AA55226E1916E98E005D5950 /* Supporting Files */ = {
			isa = PBXGroup;
			children = (
				AA55226F1916E98E005D5950 /* VRINX-Info.plist */,
				AA5522701916E98E005D5950 /* InfoPlist.strings */,
				AA5522731916E98E005D5950 /* main.m */,
				AA5522751916E98E005D5950 /* VRINX-Prefix.pch */,
				AAC2046F19215A8400B2744C /* CoreDataStack.h */,
				AAC2047019215A8400B2744C /* CoreDataStack.m */,
			);
			name = "Supporting Files";
			sourceTree = "<group>";
		};
		AA55228A1916E98E005D5950 /* VRINXTests */ = {
			isa = PBXGroup;
			children = (
				AA5522901916E98E005D5950 /* VRINXTests.m */,
				AA55228B1916E98E005D5950 /* Supporting Files */,
			);
			path = VRINXTests;
			sourceTree = "<group>";
		};
		AA55228B1916E98E005D5950 /* Supporting Files */ = {
			isa = PBXGroup;
			children = (
				AA55228C1916E98E005D5950 /* VRINXTests-Info.plist */,
				AA55228D1916E98E005D5950 /* InfoPlist.strings */,
			);
			name = "Supporting Files";
			sourceTree = "<group>";
		};
		AA5522B41916EAC6005D5950 /* ExternalClasses */ = {
			isa = PBXGroup;
			children = (
				861B47161932B2D8009E9EBD /* Categories */,
				867998DA192D271B0070DFFF /* SWTableViewCell */,
				AA3F0E94192C04FF0042186D /* JAQBlurry */,
				AA3F0E80192BFD7C0042186D /* Charts */,
				AA3F0E66192BD08C0042186D /* RESideMenu */,
				867998C9192AB12B0070DFFF /* PSCropToolComponent */,
				86799887191AA4EC0070DFFF /* popups */,
				86799871191A94830070DFFF /* UIViewExtended */,
				AAC2051D192499DE00B2744C /* RMDateSelectionViewController */,
				AA5522E2191748AA005D5950 /* UIImageExtended */,
				AA5522C11916EC45005D5950 /* KPKeyboardScroll */,
			);
			name = ExternalClasses;
			sourceTree = "<group>";
		};
		AA5522C11916EC45005D5950 /* KPKeyboardScroll */ = {
			isa = PBXGroup;
			children = (
				AA3F0E70192BD2DE0042186D /* TPKeyboardAvoidingScrollView.h */,
				AA3F0E71192BD2DE0042186D /* TPKeyboardAvoidingScrollView.m */,
			);
			name = KPKeyboardScroll;
			sourceTree = "<group>";
		};
		AA5522C51916EC7A005D5950 /* ViewControllers */ = {
			isa = PBXGroup;
			children = (
				867998CD192AB2110070DFFF /* Tools */,
				AAC205191924967E00B2744C /* Orders */,
				AAC204DB1922B3B600B2744C /* Products */,
				AA5522D51916F881005D5950 /* Authentication */,
				AA5522D01916F5F3005D5950 /* Accounts */,
				AA5522CF1916F594005D5950 /* Navigation */,
			);
			name = ViewControllers;
			sourceTree = "<group>";
		};
		AA5522CF1916F594005D5950 /* Navigation */ = {
			isa = PBXGroup;
			children = (
				AA5522C61916ECD8005D5950 /* LeftMenuViewController.h */,
				AA5522C71916ECD8005D5950 /* LeftMenuViewController.m */,
				AA5522C91916EDB3005D5950 /* RootViewController.h */,
				AA5522CA1916EDB3005D5950 /* RootViewController.m */,
				AA5522CC1916F360005D5950 /* RightMenuViewController.h */,
				AA5522CD1916F360005D5950 /* RightMenuViewController.m */,
			);
			name = Navigation;
			sourceTree = "<group>";
		};
		AA5522D01916F5F3005D5950 /* Accounts */ = {
			isa = PBXGroup;
			children = (
				AA5522D11916F6B7005D5950 /* AccountsTableViewController.h */,
				AA5522D21916F6B7005D5950 /* AccountsTableViewController.m */,
				AA5522E619186F08005D5950 /* AccountEditTableViewController.h */,
				AA5522E719186F08005D5950 /* AccountEditTableViewController.m */,
				AAC204CC1921910600B2744C /* AccountCell.h */,
				AAC204CD1921910600B2744C /* AccountCell.m */,
				AAC204CF19228D1300B2744C /* AccountDetail.h */,
				AAC204D019228D1300B2744C /* AccountDetail.m */,
			);
			name = Accounts;
			sourceTree = "<group>";
		};
		AA5522D51916F881005D5950 /* Authentication */ = {
			isa = PBXGroup;
			children = (
				AA5522D61916F8A9005D5950 /* LoginViewController.h */,
				AA5522D71916F8A9005D5950 /* LoginViewController.m */,
				AA5522DC1916F90E005D5950 /* SignupViewController.h */,
				AA5522DD1916F90E005D5950 /* SignupViewController.m */,
				AA5522DF19173034005D5950 /* OtherUserInfoTableViewController.h */,
				AA5522E019173034005D5950 /* OtherUserInfoTableViewController.m */,
			);
			name = Authentication;
			sourceTree = "<group>";
		};
		AA5522E2191748AA005D5950 /* UIImageExtended */ = {
			isa = PBXGroup;
			children = (
				AA5522E3191748DB005D5950 /* UIImage+RoundedImage.h */,
				AA5522E4191748DB005D5950 /* UIImage+RoundedImage.m */,
			);
			name = UIImageExtended;
			sourceTree = "<group>";
		};
		AA5522E919188529005D5950 /* Model */ = {
			isa = PBXGroup;
			children = (
				867998F1192DB0810070DFFF /* EntityProduct.h */,
				867998F2192DB0810070DFFF /* EntityProduct.m */,
				867998D7192C4CF10070DFFF /* EntityAccount.h */,
				867998D8192C4CF10070DFFF /* EntityAccount.m */,
				867998BB1929C8070070DFFF /* TempModels */,
				867998B81929BC870070DFFF /* EntityOrderProduct.h */,
				867998B91929BC870070DFFF /* EntityOrderProduct.m */,
				867998B51929BC870070DFFF /* EntityOrder.h */,
				867998B61929BC870070DFFF /* EntityOrder.m */,
			);
			name = Model;
			sourceTree = "<group>";
		};
		AAC204DB1922B3B600B2744C /* Products */ = {
			isa = PBXGroup;
			children = (
				AAC204DC1922B3D500B2744C /* ProductTableViewController.h */,
				AAC204DD1922B3D500B2744C /* ProductTableViewController.m */,
				AAC204DF1922B3EC00B2744C /* ProductDetailTableViewController.h */,
				AAC204E01922B3EC00B2744C /* ProductDetailTableViewController.m */,
				AAC205161923F50200B2744C /* ProductCell.h */,
				AAC205171923F50200B2744C /* ProductCell.m */,
			);
			name = Products;
			sourceTree = "<group>";
		};
		AAC205191924967E00B2744C /* Orders */ = {
			isa = PBXGroup;
			children = (
				AAC204D51922A2F000B2744C /* OrderViewController.h */,
				AAC204D61922A2F000B2744C /* OrderViewController.m */,
				AAC2051A192496A900B2744C /* OrderMasterViewController.h */,
				AAC2051B192496A900B2744C /* OrderMasterViewController.m */,
				8679988E1927ADAF0070DFFF /* OrderProductViewController.h */,
				8679988F1927ADAF0070DFFF /* OrderProductViewController.m */,
				867998941927CBC60070DFFF /* EmptyOrderProductCell.h */,
				867998951927CBC60070DFFF /* EmptyOrderProductCell.m */,
				867998A3192868660070DFFF /* OrderProductCell.h */,
				867998A4192868660070DFFF /* OrderProductCell.m */,
			);
			name = Orders;
			sourceTree = "<group>";
		};
		AAC2051D192499DE00B2744C /* RMDateSelectionViewController */ = {
			isa = PBXGroup;
			children = (
				86799857191A84EC0070DFFF /* RMDateSelectionViewController.h */,
				86799858191A84EC0070DFFF /* RMDateSelectionViewController.m */,
			);
			name = RMDateSelectionViewController;
			path = "../../../download Proyects/RMDateSelectionViewController-master/RMDateSelectionViewController";
			sourceTree = "<group>";
		};
/* End PBXGroup section */

/* Begin PBXNativeTarget section */
		AA5522611916E98E005D5950 /* VRINX */ = {
			isa = PBXNativeTarget;
			buildConfigurationList = AA5522941916E98E005D5950 /* Build configuration list for PBXNativeTarget "VRINX" */;
			buildPhases = (
				AA55225E1916E98E005D5950 /* Sources */,
				AA55225F1916E98E005D5950 /* Frameworks */,
				AA5522601916E98E005D5950 /* Resources */,
			);
			buildRules = (
			);
			dependencies = (
			);
			name = VRINX;
			productName = VRINX;
			productReference = AA5522621916E98E005D5950 /* VRINX.app */;
			productType = "com.apple.product-type.application";
		};
		AA5522811916E98E005D5950 /* VRINXTests */ = {
			isa = PBXNativeTarget;
			buildConfigurationList = AA5522971916E98E005D5950 /* Build configuration list for PBXNativeTarget "VRINXTests" */;
			buildPhases = (
				AA55227E1916E98E005D5950 /* Sources */,
				AA55227F1916E98E005D5950 /* Frameworks */,
				AA5522801916E98E005D5950 /* Resources */,
			);
			buildRules = (
			);
			dependencies = (
				AA5522891916E98E005D5950 /* PBXTargetDependency */,
			);
			name = VRINXTests;
			productName = VRINXTests;
			productReference = AA5522821916E98E005D5950 /* VRINXTests.xctest */;
			productType = "com.apple.product-type.bundle.unit-test";
		};
/* End PBXNativeTarget section */

/* Begin PBXProject section */
		AA55225A1916E98E005D5950 /* Project object */ = {
			isa = PBXProject;
			attributes = {
				LastUpgradeCheck = 0510;
				ORGANIZATIONNAME = "Christian Vazquez";
				TargetAttributes = {
					AA5522611916E98E005D5950 = {
						DevelopmentTeam = YCPPE5ZM94;
					};
					AA5522811916E98E005D5950 = {
						TestTargetID = AA5522611916E98E005D5950;
					};
				};
			};
			buildConfigurationList = AA55225D1916E98E005D5950 /* Build configuration list for PBXProject "VRINX" */;
			compatibilityVersion = "Xcode 3.2";
			developmentRegion = English;
			hasScannedForEncodings = 0;
			knownRegions = (
				en,
			);
			mainGroup = AA5522591916E98E005D5950;
			productRefGroup = AA5522631916E98E005D5950 /* Products */;
			projectDirPath = "";
			projectRoot = "";
			targets = (
				AA5522611916E98E005D5950 /* VRINX */,
				AA5522811916E98E005D5950 /* VRINXTests */,
			);
		};
/* End PBXProject section */

/* Begin PBXResourcesBuildPhase section */
		AA5522601916E98E005D5950 /* Resources */ = {
			isa = PBXResourcesBuildPhase;
			buildActionMask = 2147483647;
			files = (
				AA5522721916E98E005D5950 /* InfoPlist.strings in Resources */,
				AA5522C01916EB99005D5950 /* iPhone.storyboard in Resources */,
				867998D2192AD4BB0070DFFF /* dyn_popup_view in Resources */,
				AA55227D1916E98E005D5950 /* Images.xcassets in Resources */,
			);
			runOnlyForDeploymentPostprocessing = 0;
		};
		AA5522801916E98E005D5950 /* Resources */ = {
			isa = PBXResourcesBuildPhase;
			buildActionMask = 2147483647;
			files = (
				AA55228F1916E98E005D5950 /* InfoPlist.strings in Resources */,
			);
			runOnlyForDeploymentPostprocessing = 0;
		};
/* End PBXResourcesBuildPhase section */

/* Begin PBXSourcesBuildPhase section */
		AA55225E1916E98E005D5950 /* Sources */ = {
			isa = PBXSourcesBuildPhase;
			buildActionMask = 2147483647;
			files = (
				AAC204CE1921910600B2744C /* AccountCell.m in Sources */,
				867998BA1929BC870070DFFF /* EntityOrderProduct.m in Sources */,
				867998F0192D33AC0070DFFF /* Tools.m in Sources */,
				AA3F0E97192C05450042186D /* JAQBlurryTableViewController.m in Sources */,
				AAC2047119215A8400B2744C /* CoreDataStack.m in Sources */,
				867998E8192D27480070DFFF /* SWCellScrollView.m in Sources */,
				867998EB192D27480070DFFF /* SWUtilityButtonTapGestureRecognizer.m in Sources */,
				AAC205091922CFE500B2744C /* Model.xcdatamodeld in Sources */,
				AA5522781916E98E005D5950 /* AppDelegate.m in Sources */,
				AA5522C81916ECD8005D5950 /* LeftMenuViewController.m in Sources */,
				AA3F0E72192BD2DE0042186D /* TPKeyboardAvoidingScrollView.m in Sources */,
				AA5522DE1916F90E005D5950 /* SignupViewController.m in Sources */,
				AAC204DE1922B3D500B2744C /* ProductTableViewController.m in Sources */,
				861B471519326865009E9EBD /* BEMSimpleLineGraphView.m in Sources */,
				867998D9192C4CF10070DFFF /* EntityAccount.m in Sources */,
				AAC204D71922A2F000B2744C /* OrderViewController.m in Sources */,
				867998C41929CAD10070DFFF /* TempOrderProduct.m in Sources */,
				867998961927CBC60070DFFF /* EmptyOrderProductCell.m in Sources */,
				86799874191A94A50070DFFF /* UIViewController+MJPopupViewController.m in Sources */,
				AA3F0E69192BD0D10042186D /* RECommonFunctions.m in Sources */,
				AA5522E119173034005D5950 /* OtherUserInfoTableViewController.m in Sources */,
				861B471419326865009E9EBD /* BEMLine.m in Sources */,
				861B471A1932B302009E9EBD /* UIButton+uuid.m in Sources */,
				AA5522CE1916F360005D5950 /* RightMenuViewController.m in Sources */,
				AA5522741916E98E005D5950 /* main.m in Sources */,
				AAC205181923F50200B2744C /* ProductCell.m in Sources */,
				861B47221932C58F009E9EBD /* CustomButton.m in Sources */,
				AA5522CB1916EDB3005D5950 /* RootViewController.m in Sources */,
				867998F3192DB0810070DFFF /* EntityProduct.m in Sources */,
				867998EA192D27480070DFFF /* SWTableViewCell.m in Sources */,
				8679988A191AA50D0070DFFF /* GlobalPopupAlert.m in Sources */,
				867998E7192D27480070DFFF /* NSMutableArray+SWUtilityButtons.m in Sources */,
				AA5522D31916F6B7005D5950 /* AccountsTableViewController.m in Sources */,
				861B471319326865009E9EBD /* BEMCircle.m in Sources */,
				AA3F0E6F192BD1860042186D /* UIViewController+RESideMenu.m in Sources */,
				867998BE1929C8750070DFFF /* TempProduct.m in Sources */,
				86799886191AA1DA0070DFFF /* CusAlertView.m in Sources */,
				867998EC192D27480070DFFF /* SWUtilityButtonView.m in Sources */,
				867998A5192868660070DFFF /* OrderProductCell.m in Sources */,
				AA3F0E9A192C05940042186D /* UIImage+ImageEffects.m in Sources */,
				AA5522E819186F08005D5950 /* AccountEditTableViewController.m in Sources */,
				AAC204D119228D1300B2744C /* AccountDetail.m in Sources */,
				AA5522D81916F8A9005D5950 /* LoginViewController.m in Sources */,
				AA3F0E6C192BD1280042186D /* RESideMenu.m in Sources */,
				86799859191A84EC0070DFFF /* RMDateSelectionViewController.m in Sources */,
				867998CC192AB1680070DFFF /* PSCropToolView.m in Sources */,
				86799877191A94F50070DFFF /* MJPopupBackgroundView.m in Sources */,
				867998D0192AB4A00070DFFF /* CroperViewController.m in Sources */,
				867998E9192D27480070DFFF /* SWLongPressGestureRecognizer.m in Sources */,
				AA5522E5191748DB005D5950 /* UIImage+RoundedImage.m in Sources */,
				867998B71929BC870070DFFF /* EntityOrder.m in Sources */,
				AAC204E11922B3EC00B2744C /* ProductDetailTableViewController.m in Sources */,
				867998901927ADAF0070DFFF /* OrderProductViewController.m in Sources */,
				8679988D191AAB620070DFFF /* CustomIOS7AlertView.m in Sources */,
				AAC2051C192496A900B2744C /* OrderMasterViewController.m in Sources */,
			);
			runOnlyForDeploymentPostprocessing = 0;
		};
		AA55227E1916E98E005D5950 /* Sources */ = {
			isa = PBXSourcesBuildPhase;
			buildActionMask = 2147483647;
			files = (
				AA5522911916E98E005D5950 /* VRINXTests.m in Sources */,
			);
			runOnlyForDeploymentPostprocessing = 0;
		};
/* End PBXSourcesBuildPhase section */

/* Begin PBXTargetDependency section */
		AA5522891916E98E005D5950 /* PBXTargetDependency */ = {
			isa = PBXTargetDependency;
			target = AA5522611916E98E005D5950 /* VRINX */;
			targetProxy = AA5522881916E98E005D5950 /* PBXContainerItemProxy */;
		};
/* End PBXTargetDependency section */

/* Begin PBXVariantGroup section */
		AA5522701916E98E005D5950 /* InfoPlist.strings */ = {
			isa = PBXVariantGroup;
			children = (
				AA5522711916E98E005D5950 /* en */,
			);
			name = InfoPlist.strings;
			sourceTree = "<group>";
		};
		AA55228D1916E98E005D5950 /* InfoPlist.strings */ = {
			isa = PBXVariantGroup;
			children = (
				AA55228E1916E98E005D5950 /* en */,
			);
			name = InfoPlist.strings;
			sourceTree = "<group>";
		};
/* End PBXVariantGroup section */

/* Begin XCBuildConfiguration section */
		AA5522921916E98E005D5950 /* Debug */ = {
			isa = XCBuildConfiguration;
			buildSettings = {
				ALWAYS_SEARCH_USER_PATHS = NO;
				CLANG_CXX_LANGUAGE_STANDARD = "gnu++0x";
				CLANG_CXX_LIBRARY = "libc++";
				CLANG_ENABLE_MODULES = YES;
				CLANG_ENABLE_OBJC_ARC = YES;
				CLANG_WARN_BOOL_CONVERSION = YES;
				CLANG_WARN_CONSTANT_CONVERSION = YES;
				CLANG_WARN_DIRECT_OBJC_ISA_USAGE = YES_ERROR;
				CLANG_WARN_EMPTY_BODY = YES;
				CLANG_WARN_ENUM_CONVERSION = YES;
				CLANG_WARN_INT_CONVERSION = YES;
				CLANG_WARN_OBJC_ROOT_CLASS = YES_ERROR;
				CLANG_WARN__DUPLICATE_METHOD_MATCH = YES;
				"CODE_SIGN_IDENTITY[sdk=iphoneos*]" = "iPhone Developer";
				COPY_PHASE_STRIP = NO;
				GCC_C_LANGUAGE_STANDARD = gnu99;
				GCC_DYNAMIC_NO_PIC = NO;
				GCC_OPTIMIZATION_LEVEL = 0;
				GCC_PREPROCESSOR_DEFINITIONS = (
					"DEBUG=1",
					"$(inherited)",
				);
				GCC_SYMBOLS_PRIVATE_EXTERN = NO;
				GCC_WARN_64_TO_32_BIT_CONVERSION = YES;
				GCC_WARN_ABOUT_RETURN_TYPE = YES_ERROR;
				GCC_WARN_UNDECLARED_SELECTOR = YES;
				GCC_WARN_UNINITIALIZED_AUTOS = YES_AGGRESSIVE;
				GCC_WARN_UNUSED_FUNCTION = YES;
				GCC_WARN_UNUSED_VARIABLE = YES;
				IPHONEOS_DEPLOYMENT_TARGET = 7.1;
				ONLY_ACTIVE_ARCH = YES;
				SDKROOT = iphoneos;
			};
			name = Debug;
		};
		AA5522931916E98E005D5950 /* Release */ = {
			isa = XCBuildConfiguration;
			buildSettings = {
				ALWAYS_SEARCH_USER_PATHS = NO;
				CLANG_CXX_LANGUAGE_STANDARD = "gnu++0x";
				CLANG_CXX_LIBRARY = "libc++";
				CLANG_ENABLE_MODULES = YES;
				CLANG_ENABLE_OBJC_ARC = YES;
				CLANG_WARN_BOOL_CONVERSION = YES;
				CLANG_WARN_CONSTANT_CONVERSION = YES;
				CLANG_WARN_DIRECT_OBJC_ISA_USAGE = YES_ERROR;
				CLANG_WARN_EMPTY_BODY = YES;
				CLANG_WARN_ENUM_CONVERSION = YES;
				CLANG_WARN_INT_CONVERSION = YES;
				CLANG_WARN_OBJC_ROOT_CLASS = YES_ERROR;
				CLANG_WARN__DUPLICATE_METHOD_MATCH = YES;
				"CODE_SIGN_IDENTITY[sdk=iphoneos*]" = "iPhone Developer";
				COPY_PHASE_STRIP = YES;
				ENABLE_NS_ASSERTIONS = NO;
				GCC_C_LANGUAGE_STANDARD = gnu99;
				GCC_WARN_64_TO_32_BIT_CONVERSION = YES;
				GCC_WARN_ABOUT_RETURN_TYPE = YES_ERROR;
				GCC_WARN_UNDECLARED_SELECTOR = YES;
				GCC_WARN_UNINITIALIZED_AUTOS = YES_AGGRESSIVE;
				GCC_WARN_UNUSED_FUNCTION = YES;
				GCC_WARN_UNUSED_VARIABLE = YES;
				IPHONEOS_DEPLOYMENT_TARGET = 7.1;
				SDKROOT = iphoneos;
				VALIDATE_PRODUCT = YES;
			};
			name = Release;
		};
		AA5522951916E98E005D5950 /* Debug */ = {
			isa = XCBuildConfiguration;
			buildSettings = {
				ASSETCATALOG_COMPILER_APPICON_NAME = AppIcon;
				ASSETCATALOG_COMPILER_LAUNCHIMAGE_NAME = LaunchImage;
				CODE_SIGN_IDENTITY = "iPhone Developer";
				"CODE_SIGN_IDENTITY[sdk=iphoneos*]" = "iPhone Developer";
				FRAMEWORK_SEARCH_PATHS = (
					"$(inherited)",
					/Users/Christian/Development,
					/Development/iosLibs,
				);
				GCC_PRECOMPILE_PREFIX_HEADER = YES;
				GCC_PREFIX_HEADER = "VRINX/VRINX-Prefix.pch";
				INFOPLIST_FILE = "VRINX/VRINX-Info.plist";
				OTHER_LDFLAGS = "";
				PRODUCT_NAME = "$(TARGET_NAME)";
				PROVISIONING_PROFILE = "";
				WRAPPER_EXTENSION = app;
			};
			name = Debug;
		};
		AA5522961916E98E005D5950 /* Release */ = {
			isa = XCBuildConfiguration;
			buildSettings = {
				ASSETCATALOG_COMPILER_APPICON_NAME = AppIcon;
				ASSETCATALOG_COMPILER_LAUNCHIMAGE_NAME = LaunchImage;
				CODE_SIGN_IDENTITY = "iPhone Developer";
				"CODE_SIGN_IDENTITY[sdk=iphoneos*]" = "iPhone Developer";
				FRAMEWORK_SEARCH_PATHS = (
					"$(inherited)",
					/Users/Christian/Development,
					/Development/iosLibs,
				);
				GCC_PRECOMPILE_PREFIX_HEADER = YES;
				GCC_PREFIX_HEADER = "VRINX/VRINX-Prefix.pch";
				INFOPLIST_FILE = "VRINX/VRINX-Info.plist";
				OTHER_LDFLAGS = "";
				PRODUCT_NAME = "$(TARGET_NAME)";
				PROVISIONING_PROFILE = "";
				WRAPPER_EXTENSION = app;
			};
			name = Release;
		};
		AA5522981916E98E005D5950 /* Debug */ = {
			isa = XCBuildConfiguration;
			buildSettings = {
				BUNDLE_LOADER = "$(BUILT_PRODUCTS_DIR)/VRINX.app/VRINX";
				FRAMEWORK_SEARCH_PATHS = (
					"$(SDKROOT)/Developer/Library/Frameworks",
					"$(inherited)",
					"$(DEVELOPER_FRAMEWORKS_DIR)",
				);
				GCC_PRECOMPILE_PREFIX_HEADER = YES;
				GCC_PREFIX_HEADER = "VRINX/VRINX-Prefix.pch";
				GCC_PREPROCESSOR_DEFINITIONS = (
					"DEBUG=1",
					"$(inherited)",
				);
				INFOPLIST_FILE = "VRINXTests/VRINXTests-Info.plist";
				PRODUCT_NAME = "$(TARGET_NAME)";
				TEST_HOST = "$(BUNDLE_LOADER)";
				WRAPPER_EXTENSION = xctest;
			};
			name = Debug;
		};
		AA5522991916E98E005D5950 /* Release */ = {
			isa = XCBuildConfiguration;
			buildSettings = {
				BUNDLE_LOADER = "$(BUILT_PRODUCTS_DIR)/VRINX.app/VRINX";
				FRAMEWORK_SEARCH_PATHS = (
					"$(SDKROOT)/Developer/Library/Frameworks",
					"$(inherited)",
					"$(DEVELOPER_FRAMEWORKS_DIR)",
				);
				GCC_PRECOMPILE_PREFIX_HEADER = YES;
				GCC_PREFIX_HEADER = "VRINX/VRINX-Prefix.pch";
				INFOPLIST_FILE = "VRINXTests/VRINXTests-Info.plist";
				PRODUCT_NAME = "$(TARGET_NAME)";
				TEST_HOST = "$(BUNDLE_LOADER)";
				WRAPPER_EXTENSION = xctest;
			};
			name = Release;
		};
/* End XCBuildConfiguration section */

/* Begin XCConfigurationList section */
		AA55225D1916E98E005D5950 /* Build configuration list for PBXProject "VRINX" */ = {
			isa = XCConfigurationList;
			buildConfigurations = (
				AA5522921916E98E005D5950 /* Debug */,
				AA5522931916E98E005D5950 /* Release */,
			);
			defaultConfigurationIsVisible = 0;
			defaultConfigurationName = Release;
		};
		AA5522941916E98E005D5950 /* Build configuration list for PBXNativeTarget "VRINX" */ = {
			isa = XCConfigurationList;
			buildConfigurations = (
				AA5522951916E98E005D5950 /* Debug */,
				AA5522961916E98E005D5950 /* Release */,
			);
			defaultConfigurationIsVisible = 0;
			defaultConfigurationName = Release;
		};
		AA5522971916E98E005D5950 /* Build configuration list for PBXNativeTarget "VRINXTests" */ = {
			isa = XCConfigurationList;
			buildConfigurations = (
				AA5522981916E98E005D5950 /* Debug */,
				AA5522991916E98E005D5950 /* Release */,
			);
			defaultConfigurationIsVisible = 0;
			defaultConfigurationName = Release;
		};
/* End XCConfigurationList section */

/* Begin XCVersionGroup section */
		AAC205071922CFE500B2744C /* Model.xcdatamodeld */ = {
			isa = XCVersionGroup;
			children = (
				AAC205081922CFE500B2744C /* Model.xcdatamodel */,
			);
			currentVersion = AAC205081922CFE500B2744C /* Model.xcdatamodel */;
			path = Model.xcdatamodeld;
			sourceTree = "<group>";
			versionGroupType = wrapper.xcdatamodel;
		};
/* End XCVersionGroup section */
	};
	rootObject = AA55225A1916E98E005D5950 /* Project object */;
}
