// !$*UTF8*$!
{
	archiveVersion = 1;
	classes = {
	};
	objectVersion = 46;
	objects = {

/* Begin PBXBuildFile section */
		AA5522661916E98E005D5950 /* Foundation.framework in Frameworks */ = {isa = PBXBuildFile; fileRef = AA5522651916E98E005D5950 /* Foundation.framework */; };
		AA5522681916E98E005D5950 /* CoreGraphics.framework in Frameworks */ = {isa = PBXBuildFile; fileRef = AA5522671916E98E005D5950 /* CoreGraphics.framework */; };
		AA55226A1916E98E005D5950 /* UIKit.framework in Frameworks */ = {isa = PBXBuildFile; fileRef = AA5522691916E98E005D5950 /* UIKit.framework */; };
		AA55226C1916E98E005D5950 /* CoreData.framework in Frameworks */ = {isa = PBXBuildFile; fileRef = AA55226B1916E98E005D5950 /* CoreData.framework */; };
		AA5522721916E98E005D5950 /* InfoPlist.strings in Resources */ = {isa = PBXBuildFile; fileRef = AA5522701916E98E005D5950 /* InfoPlist.strings */; };
		AA5522741916E98E005D5950 /* main.m in Sources */ = {isa = PBXBuildFile; fileRef = AA5522731916E98E005D5950 /* main.m */; };
		AA5522781916E98E005D5950 /* AppDelegate.m in Sources */ = {isa = PBXBuildFile; fileRef = AA5522771916E98E005D5950 /* AppDelegate.m */; };
		AA55227B1916E98E005D5950 /* VRINX.xcdatamodeld in Sources */ = {isa = PBXBuildFile; fileRef = AA5522791916E98E005D5950 /* VRINX.xcdatamodeld */; };
		AA55227D1916E98E005D5950 /* Images.xcassets in Resources */ = {isa = PBXBuildFile; fileRef = AA55227C1916E98E005D5950 /* Images.xcassets */; };
		AA5522841916E98E005D5950 /* XCTest.framework in Frameworks */ = {isa = PBXBuildFile; fileRef = AA5522831916E98E005D5950 /* XCTest.framework */; };
		AA5522851916E98E005D5950 /* Foundation.framework in Frameworks */ = {isa = PBXBuildFile; fileRef = AA5522651916E98E005D5950 /* Foundation.framework */; };
		AA5522861916E98E005D5950 /* UIKit.framework in Frameworks */ = {isa = PBXBuildFile; fileRef = AA5522691916E98E005D5950 /* UIKit.framework */; };
		AA5522871916E98E005D5950 /* CoreData.framework in Frameworks */ = {isa = PBXBuildFile; fileRef = AA55226B1916E98E005D5950 /* CoreData.framework */; };
		AA55228F1916E98E005D5950 /* InfoPlist.strings in Resources */ = {isa = PBXBuildFile; fileRef = AA55228D1916E98E005D5950 /* InfoPlist.strings */; };
		AA5522911916E98E005D5950 /* VRINXTests.m in Sources */ = {isa = PBXBuildFile; fileRef = AA5522901916E98E005D5950 /* VRINXTests.m */; };
		AA55229F1916E9B4005D5950 /* bundle1.o in Frameworks */ = {isa = PBXBuildFile; fileRef = AA55229C1916E9B4005D5950 /* bundle1.o */; };
		AA5522A11916E9CB005D5950 /* AudioToolbox.framework in Frameworks */ = {isa = PBXBuildFile; fileRef = AA5522A01916E9CB005D5950 /* AudioToolbox.framework */; };
		AA5522A31916E9D4005D5950 /* CFNetwork.framework in Frameworks */ = {isa = PBXBuildFile; fileRef = AA5522A21916E9D4005D5950 /* CFNetwork.framework */; };
		AA5522A51916E9FC005D5950 /* CoreLocation.framework in Frameworks */ = {isa = PBXBuildFile; fileRef = AA5522A41916E9FC005D5950 /* CoreLocation.framework */; };
		AA5522A71916EA10005D5950 /* libz.1.1.3.dylib in Frameworks */ = {isa = PBXBuildFile; fileRef = AA5522A61916EA0F005D5950 /* libz.1.1.3.dylib */; };
		AA5522A91916EA1A005D5950 /* MobileCoreServices.framework in Frameworks */ = {isa = PBXBuildFile; fileRef = AA5522A81916EA1A005D5950 /* MobileCoreServices.framework */; };
		AA5522AB1916EA25005D5950 /* QuartzCore.framework in Frameworks */ = {isa = PBXBuildFile; fileRef = AA5522AA1916EA25005D5950 /* QuartzCore.framework */; };
		AA5522AD1916EA2F005D5950 /* Security.framework in Frameworks */ = {isa = PBXBuildFile; fileRef = AA5522AC1916EA2F005D5950 /* Security.framework */; };
		AA5522AF1916EA8A005D5950 /* StoreKit.framework in Frameworks */ = {isa = PBXBuildFile; fileRef = AA5522AE1916EA8A005D5950 /* StoreKit.framework */; };
		AA5522B11916EA95005D5950 /* SystemConfiguration.framework in Frameworks */ = {isa = PBXBuildFile; fileRef = AA5522B01916EA95005D5950 /* SystemConfiguration.framework */; };
		AA5522B31916EAA6005D5950 /* Parse.framework in Frameworks */ = {isa = PBXBuildFile; fileRef = AA5522B21916EAA6005D5950 /* Parse.framework */; };
		AA5522BC1916EB68005D5950 /* RECommonFunctions.m in Sources */ = {isa = PBXBuildFile; fileRef = AA5522B71916EB68005D5950 /* RECommonFunctions.m */; };
		AA5522BD1916EB68005D5950 /* RESideMenu.m in Sources */ = {isa = PBXBuildFile; fileRef = AA5522B91916EB68005D5950 /* RESideMenu.m */; };
		AA5522BE1916EB68005D5950 /* UIViewController+RESideMenu.m in Sources */ = {isa = PBXBuildFile; fileRef = AA5522BB1916EB68005D5950 /* UIViewController+RESideMenu.m */; };
		AA5522C01916EB99005D5950 /* iPhone.storyboard in Resources */ = {isa = PBXBuildFile; fileRef = AA5522BF1916EB99005D5950 /* iPhone.storyboard */; };
		AA5522C41916EC59005D5950 /* TPKeyboardAvoidingScrollView.m in Sources */ = {isa = PBXBuildFile; fileRef = AA5522C31916EC59005D5950 /* TPKeyboardAvoidingScrollView.m */; };
		AA5522C81916ECD8005D5950 /* LeftMenuViewController.m in Sources */ = {isa = PBXBuildFile; fileRef = AA5522C71916ECD8005D5950 /* LeftMenuViewController.m */; };
		AA5522CB1916EDB3005D5950 /* RootViewController.m in Sources */ = {isa = PBXBuildFile; fileRef = AA5522CA1916EDB3005D5950 /* RootViewController.m */; };
		AA5522CE1916F360005D5950 /* RightMenuViewController.m in Sources */ = {isa = PBXBuildFile; fileRef = AA5522CD1916F360005D5950 /* RightMenuViewController.m */; };
		AA5522D31916F6B7005D5950 /* AccountsTableViewController.m in Sources */ = {isa = PBXBuildFile; fileRef = AA5522D21916F6B7005D5950 /* AccountsTableViewController.m */; };
		AA5522D81916F8A9005D5950 /* LoginViewController.m in Sources */ = {isa = PBXBuildFile; fileRef = AA5522D71916F8A9005D5950 /* LoginViewController.m */; };
		AA5522DE1916F90E005D5950 /* SignupViewController.m in Sources */ = {isa = PBXBuildFile; fileRef = AA5522DD1916F90E005D5950 /* SignupViewController.m */; };
		AA5522E119173034005D5950 /* OtherUserInfoTableViewController.m in Sources */ = {isa = PBXBuildFile; fileRef = AA5522E019173034005D5950 /* OtherUserInfoTableViewController.m */; };
		AA5522E5191748DB005D5950 /* UIImage+RoundedImage.m in Sources */ = {isa = PBXBuildFile; fileRef = AA5522E4191748DB005D5950 /* UIImage+RoundedImage.m */; };
		AA5522E819186F08005D5950 /* AccountEditTableViewController.m in Sources */ = {isa = PBXBuildFile; fileRef = AA5522E719186F08005D5950 /* AccountEditTableViewController.m */; };
		AAC2047119215A8400B2744C /* CoreDataStack.m in Sources */ = {isa = PBXBuildFile; fileRef = AAC2047019215A8400B2744C /* CoreDataStack.m */; };
		AAC204BF1921893A00B2744C /* EntityOrder.m in Sources */ = {isa = PBXBuildFile; fileRef = AAC204BE1921893A00B2744C /* EntityOrder.m */; };
		AAC204C21921893A00B2744C /* EntityClient.m in Sources */ = {isa = PBXBuildFile; fileRef = AAC204C11921893A00B2744C /* EntityClient.m */; };
		AAC204C51921893A00B2744C /* EntityAccount.m in Sources */ = {isa = PBXBuildFile; fileRef = AAC204C41921893A00B2744C /* EntityAccount.m */; };
		AAC204C81921893A00B2744C /* EntityOrderProduct.m in Sources */ = {isa = PBXBuildFile; fileRef = AAC204C71921893A00B2744C /* EntityOrderProduct.m */; };
		AAC204CB1921893A00B2744C /* EntityProduct.m in Sources */ = {isa = PBXBuildFile; fileRef = AAC204CA1921893A00B2744C /* EntityProduct.m */; };
		AAC204CE1921910600B2744C /* AccountCell.m in Sources */ = {isa = PBXBuildFile; fileRef = AAC204CD1921910600B2744C /* AccountCell.m */; };
/* End PBXBuildFile section */

/* Begin PBXContainerItemProxy section */
		AA5522881916E98E005D5950 /* PBXContainerItemProxy */ = {
			isa = PBXContainerItemProxy;
			containerPortal = AA55225A1916E98E005D5950 /* Project object */;
			proxyType = 1;
			remoteGlobalIDString = AA5522611916E98E005D5950;
			remoteInfo = VRINX;
		};
/* End PBXContainerItemProxy section */

/* Begin PBXFileReference section */
		AA5522621916E98E005D5950 /* VRINX.app */ = {isa = PBXFileReference; explicitFileType = wrapper.application; includeInIndex = 0; path = VRINX.app; sourceTree = BUILT_PRODUCTS_DIR; };
		AA5522651916E98E005D5950 /* Foundation.framework */ = {isa = PBXFileReference; lastKnownFileType = wrapper.framework; name = Foundation.framework; path = System/Library/Frameworks/Foundation.framework; sourceTree = SDKROOT; };
		AA5522671916E98E005D5950 /* CoreGraphics.framework */ = {isa = PBXFileReference; lastKnownFileType = wrapper.framework; name = CoreGraphics.framework; path = System/Library/Frameworks/CoreGraphics.framework; sourceTree = SDKROOT; };
		AA5522691916E98E005D5950 /* UIKit.framework */ = {isa = PBXFileReference; lastKnownFileType = wrapper.framework; name = UIKit.framework; path = System/Library/Frameworks/UIKit.framework; sourceTree = SDKROOT; };
		AA55226B1916E98E005D5950 /* CoreData.framework */ = {isa = PBXFileReference; lastKnownFileType = wrapper.framework; name = CoreData.framework; path = System/Library/Frameworks/CoreData.framework; sourceTree = SDKROOT; };
		AA55226F1916E98E005D5950 /* VRINX-Info.plist */ = {isa = PBXFileReference; lastKnownFileType = text.plist.xml; path = "VRINX-Info.plist"; sourceTree = "<group>"; };
		AA5522711916E98E005D5950 /* en */ = {isa = PBXFileReference; lastKnownFileType = text.plist.strings; name = en; path = en.lproj/InfoPlist.strings; sourceTree = "<group>"; };
		AA5522731916E98E005D5950 /* main.m */ = {isa = PBXFileReference; lastKnownFileType = sourcecode.c.objc; path = main.m; sourceTree = "<group>"; };
		AA5522751916E98E005D5950 /* VRINX-Prefix.pch */ = {isa = PBXFileReference; lastKnownFileType = sourcecode.c.h; path = "VRINX-Prefix.pch"; sourceTree = "<group>"; };
		AA5522761916E98E005D5950 /* AppDelegate.h */ = {isa = PBXFileReference; lastKnownFileType = sourcecode.c.h; path = AppDelegate.h; sourceTree = "<group>"; };
		AA5522771916E98E005D5950 /* AppDelegate.m */ = {isa = PBXFileReference; lastKnownFileType = sourcecode.c.objc; path = AppDelegate.m; sourceTree = "<group>"; };
		AA55227A1916E98E005D5950 /* VRINX.xcdatamodel */ = {isa = PBXFileReference; lastKnownFileType = wrapper.xcdatamodel; path = VRINX.xcdatamodel; sourceTree = "<group>"; };
		AA55227C1916E98E005D5950 /* Images.xcassets */ = {isa = PBXFileReference; lastKnownFileType = folder.assetcatalog; path = Images.xcassets; sourceTree = "<group>"; };
		AA5522821916E98E005D5950 /* VRINXTests.xctest */ = {isa = PBXFileReference; explicitFileType = wrapper.cfbundle; includeInIndex = 0; path = VRINXTests.xctest; sourceTree = BUILT_PRODUCTS_DIR; };
		AA5522831916E98E005D5950 /* XCTest.framework */ = {isa = PBXFileReference; lastKnownFileType = wrapper.framework; name = XCTest.framework; path = Library/Frameworks/XCTest.framework; sourceTree = DEVELOPER_DIR; };
		AA55228C1916E98E005D5950 /* VRINXTests-Info.plist */ = {isa = PBXFileReference; lastKnownFileType = text.plist.xml; path = "VRINXTests-Info.plist"; sourceTree = "<group>"; };
		AA55228E1916E98E005D5950 /* en */ = {isa = PBXFileReference; lastKnownFileType = text.plist.strings; name = en; path = en.lproj/InfoPlist.strings; sourceTree = "<group>"; };
		AA5522901916E98E005D5950 /* VRINXTests.m */ = {isa = PBXFileReference; lastKnownFileType = sourcecode.c.objc; path = VRINXTests.m; sourceTree = "<group>"; };
		AA55229A1916E9B4005D5950 /* AudioUnit.framework */ = {isa = PBXFileReference; lastKnownFileType = wrapper.framework; name = AudioUnit.framework; path = System/Library/Frameworks/AudioUnit.framework; sourceTree = SDKROOT; };
		AA55229B1916E9B4005D5950 /* AVFoundation.framework */ = {isa = PBXFileReference; lastKnownFileType = wrapper.framework; name = AVFoundation.framework; path = System/Library/Frameworks/AVFoundation.framework; sourceTree = SDKROOT; };
		AA55229C1916E9B4005D5950 /* bundle1.o */ = {isa = PBXFileReference; lastKnownFileType = "compiled.mach-o.objfile"; name = bundle1.o; path = usr/lib/bundle1.o; sourceTree = SDKROOT; };
		AA5522A01916E9CB005D5950 /* AudioToolbox.framework */ = {isa = PBXFileReference; lastKnownFileType = wrapper.framework; name = AudioToolbox.framework; path = System/Library/Frameworks/AudioToolbox.framework; sourceTree = SDKROOT; };
		AA5522A21916E9D4005D5950 /* CFNetwork.framework */ = {isa = PBXFileReference; lastKnownFileType = wrapper.framework; name = CFNetwork.framework; path = System/Library/Frameworks/CFNetwork.framework; sourceTree = SDKROOT; };
		AA5522A41916E9FC005D5950 /* CoreLocation.framework */ = {isa = PBXFileReference; lastKnownFileType = wrapper.framework; name = CoreLocation.framework; path = System/Library/Frameworks/CoreLocation.framework; sourceTree = SDKROOT; };
		AA5522A61916EA0F005D5950 /* libz.1.1.3.dylib */ = {isa = PBXFileReference; lastKnownFileType = "compiled.mach-o.dylib"; name = libz.1.1.3.dylib; path = usr/lib/libz.1.1.3.dylib; sourceTree = SDKROOT; };
		AA5522A81916EA1A005D5950 /* MobileCoreServices.framework */ = {isa = PBXFileReference; lastKnownFileType = wrapper.framework; name = MobileCoreServices.framework; path = System/Library/Frameworks/MobileCoreServices.framework; sourceTree = SDKROOT; };
		AA5522AA1916EA25005D5950 /* QuartzCore.framework */ = {isa = PBXFileReference; lastKnownFileType = wrapper.framework; name = QuartzCore.framework; path = System/Library/Frameworks/QuartzCore.framework; sourceTree = SDKROOT; };
		AA5522AC1916EA2F005D5950 /* Security.framework */ = {isa = PBXFileReference; lastKnownFileType = wrapper.framework; name = Security.framework; path = System/Library/Frameworks/Security.framework; sourceTree = SDKROOT; };
		AA5522AE1916EA8A005D5950 /* StoreKit.framework */ = {isa = PBXFileReference; lastKnownFileType = wrapper.framework; name = StoreKit.framework; path = System/Library/Frameworks/StoreKit.framework; sourceTree = SDKROOT; };
		AA5522B01916EA95005D5950 /* SystemConfiguration.framework */ = {isa = PBXFileReference; lastKnownFileType = wrapper.framework; name = SystemConfiguration.framework; path = System/Library/Frameworks/SystemConfiguration.framework; sourceTree = SDKROOT; };
		AA5522B21916EAA6005D5950 /* Parse.framework */ = {isa = PBXFileReference; lastKnownFileType = wrapper.framework; name = Parse.framework; path = ../../../Parse.framework; sourceTree = "<group>"; };
		AA5522B61916EB68005D5950 /* RECommonFunctions.h */ = {isa = PBXFileReference; fileEncoding = 4; lastKnownFileType = sourcecode.c.h; path = RECommonFunctions.h; sourceTree = "<group>"; };
		AA5522B71916EB68005D5950 /* RECommonFunctions.m */ = {isa = PBXFileReference; fileEncoding = 4; lastKnownFileType = sourcecode.c.objc; path = RECommonFunctions.m; sourceTree = "<group>"; };
		AA5522B81916EB68005D5950 /* RESideMenu.h */ = {isa = PBXFileReference; fileEncoding = 4; lastKnownFileType = sourcecode.c.h; path = RESideMenu.h; sourceTree = "<group>"; };
		AA5522B91916EB68005D5950 /* RESideMenu.m */ = {isa = PBXFileReference; fileEncoding = 4; lastKnownFileType = sourcecode.c.objc; path = RESideMenu.m; sourceTree = "<group>"; };
		AA5522BA1916EB68005D5950 /* UIViewController+RESideMenu.h */ = {isa = PBXFileReference; fileEncoding = 4; lastKnownFileType = sourcecode.c.h; path = "UIViewController+RESideMenu.h"; sourceTree = "<group>"; };
		AA5522BB1916EB68005D5950 /* UIViewController+RESideMenu.m */ = {isa = PBXFileReference; fileEncoding = 4; lastKnownFileType = sourcecode.c.objc; path = "UIViewController+RESideMenu.m"; sourceTree = "<group>"; };
		AA5522BF1916EB99005D5950 /* iPhone.storyboard */ = {isa = PBXFileReference; fileEncoding = 4; lastKnownFileType = file.storyboard; name = iPhone.storyboard; path = VRINX/iPhone.storyboard; sourceTree = "<group>"; };
		AA5522C21916EC59005D5950 /* TPKeyboardAvoidingScrollView.h */ = {isa = PBXFileReference; fileEncoding = 4; lastKnownFileType = sourcecode.c.h; name = TPKeyboardAvoidingScrollView.h; path = "../../../../Treehouse/Keyboard Solutuion/TPKeyboardAvoidingScrollView.h"; sourceTree = "<group>"; };
		AA5522C31916EC59005D5950 /* TPKeyboardAvoidingScrollView.m */ = {isa = PBXFileReference; fileEncoding = 4; lastKnownFileType = sourcecode.c.objc; name = TPKeyboardAvoidingScrollView.m; path = "../../../../Treehouse/Keyboard Solutuion/TPKeyboardAvoidingScrollView.m"; sourceTree = "<group>"; };
		AA5522C61916ECD8005D5950 /* LeftMenuViewController.h */ = {isa = PBXFileReference; fileEncoding = 4; lastKnownFileType = sourcecode.c.h; path = LeftMenuViewController.h; sourceTree = "<group>"; };
		AA5522C71916ECD8005D5950 /* LeftMenuViewController.m */ = {isa = PBXFileReference; fileEncoding = 4; lastKnownFileType = sourcecode.c.objc; path = LeftMenuViewController.m; sourceTree = "<group>"; };
		AA5522C91916EDB3005D5950 /* RootViewController.h */ = {isa = PBXFileReference; fileEncoding = 4; lastKnownFileType = sourcecode.c.h; path = RootViewController.h; sourceTree = "<group>"; };
		AA5522CA1916EDB3005D5950 /* RootViewController.m */ = {isa = PBXFileReference; fileEncoding = 4; lastKnownFileType = sourcecode.c.objc; path = RootViewController.m; sourceTree = "<group>"; };
		AA5522CC1916F360005D5950 /* RightMenuViewController.h */ = {isa = PBXFileReference; fileEncoding = 4; lastKnownFileType = sourcecode.c.h; path = RightMenuViewController.h; sourceTree = "<group>"; };
		AA5522CD1916F360005D5950 /* RightMenuViewController.m */ = {isa = PBXFileReference; fileEncoding = 4; lastKnownFileType = sourcecode.c.objc; path = RightMenuViewController.m; sourceTree = "<group>"; };
		AA5522D11916F6B7005D5950 /* AccountsTableViewController.h */ = {isa = PBXFileReference; fileEncoding = 4; lastKnownFileType = sourcecode.c.h; path = AccountsTableViewController.h; sourceTree = "<group>"; };
		AA5522D21916F6B7005D5950 /* AccountsTableViewController.m */ = {isa = PBXFileReference; fileEncoding = 4; lastKnownFileType = sourcecode.c.objc; path = AccountsTableViewController.m; sourceTree = "<group>"; };
		AA5522D61916F8A9005D5950 /* LoginViewController.h */ = {isa = PBXFileReference; fileEncoding = 4; lastKnownFileType = sourcecode.c.h; path = LoginViewController.h; sourceTree = "<group>"; };
		AA5522D71916F8A9005D5950 /* LoginViewController.m */ = {isa = PBXFileReference; fileEncoding = 4; lastKnownFileType = sourcecode.c.objc; path = LoginViewController.m; sourceTree = "<group>"; };
		AA5522DC1916F90E005D5950 /* SignupViewController.h */ = {isa = PBXFileReference; fileEncoding = 4; lastKnownFileType = sourcecode.c.h; path = SignupViewController.h; sourceTree = "<group>"; };
		AA5522DD1916F90E005D5950 /* SignupViewController.m */ = {isa = PBXFileReference; fileEncoding = 4; lastKnownFileType = sourcecode.c.objc; path = SignupViewController.m; sourceTree = "<group>"; };
		AA5522DF19173034005D5950 /* OtherUserInfoTableViewController.h */ = {isa = PBXFileReference; fileEncoding = 4; lastKnownFileType = sourcecode.c.h; path = OtherUserInfoTableViewController.h; sourceTree = "<group>"; };
		AA5522E019173034005D5950 /* OtherUserInfoTableViewController.m */ = {isa = PBXFileReference; fileEncoding = 4; lastKnownFileType = sourcecode.c.objc; path = OtherUserInfoTableViewController.m; sourceTree = "<group>"; };
		AA5522E3191748DB005D5950 /* UIImage+RoundedImage.h */ = {isa = PBXFileReference; fileEncoding = 4; lastKnownFileType = sourcecode.c.h; path = "UIImage+RoundedImage.h"; sourceTree = "<group>"; };
		AA5522E4191748DB005D5950 /* UIImage+RoundedImage.m */ = {isa = PBXFileReference; fileEncoding = 4; lastKnownFileType = sourcecode.c.objc; path = "UIImage+RoundedImage.m"; sourceTree = "<group>"; };
		AA5522E619186F08005D5950 /* AccountEditTableViewController.h */ = {isa = PBXFileReference; fileEncoding = 4; lastKnownFileType = sourcecode.c.h; path = AccountEditTableViewController.h; sourceTree = "<group>"; };
		AA5522E719186F08005D5950 /* AccountEditTableViewController.m */ = {isa = PBXFileReference; fileEncoding = 4; lastKnownFileType = sourcecode.c.objc; path = AccountEditTableViewController.m; sourceTree = "<group>"; };
		AAC2046F19215A8400B2744C /* CoreDataStack.h */ = {isa = PBXFileReference; fileEncoding = 4; lastKnownFileType = sourcecode.c.h; path = CoreDataStack.h; sourceTree = "<group>"; };
		AAC2047019215A8400B2744C /* CoreDataStack.m */ = {isa = PBXFileReference; fileEncoding = 4; lastKnownFileType = sourcecode.c.objc; path = CoreDataStack.m; sourceTree = "<group>"; };
		AAC204BD1921893A00B2744C /* EntityOrder.h */ = {isa = PBXFileReference; fileEncoding = 4; lastKnownFileType = sourcecode.c.h; path = EntityOrder.h; sourceTree = "<group>"; };
		AAC204BE1921893A00B2744C /* EntityOrder.m */ = {isa = PBXFileReference; fileEncoding = 4; lastKnownFileType = sourcecode.c.objc; path = EntityOrder.m; sourceTree = "<group>"; };
		AAC204C01921893A00B2744C /* EntityClient.h */ = {isa = PBXFileReference; fileEncoding = 4; lastKnownFileType = sourcecode.c.h; path = EntityClient.h; sourceTree = "<group>"; };
		AAC204C11921893A00B2744C /* EntityClient.m */ = {isa = PBXFileReference; fileEncoding = 4; lastKnownFileType = sourcecode.c.objc; path = EntityClient.m; sourceTree = "<group>"; };
		AAC204C31921893A00B2744C /* EntityAccount.h */ = {isa = PBXFileReference; fileEncoding = 4; lastKnownFileType = sourcecode.c.h; path = EntityAccount.h; sourceTree = "<group>"; };
		AAC204C41921893A00B2744C /* EntityAccount.m */ = {isa = PBXFileReference; fileEncoding = 4; lastKnownFileType = sourcecode.c.objc; path = EntityAccount.m; sourceTree = "<group>"; };
		AAC204C61921893A00B2744C /* EntityOrderProduct.h */ = {isa = PBXFileReference; fileEncoding = 4; lastKnownFileType = sourcecode.c.h; path = EntityOrderProduct.h; sourceTree = "<group>"; };
		AAC204C71921893A00B2744C /* EntityOrderProduct.m */ = {isa = PBXFileReference; fileEncoding = 4; lastKnownFileType = sourcecode.c.objc; path = EntityOrderProduct.m; sourceTree = "<group>"; };
		AAC204C91921893A00B2744C /* EntityProduct.h */ = {isa = PBXFileReference; fileEncoding = 4; lastKnownFileType = sourcecode.c.h; path = EntityProduct.h; sourceTree = "<group>"; };
		AAC204CA1921893A00B2744C /* EntityProduct.m */ = {isa = PBXFileReference; fileEncoding = 4; lastKnownFileType = sourcecode.c.objc; path = EntityProduct.m; sourceTree = "<group>"; };
		AAC204CC1921910600B2744C /* AccountCell.h */ = {isa = PBXFileReference; fileEncoding = 4; lastKnownFileType = sourcecode.c.h; path = AccountCell.h; sourceTree = "<group>"; };
		AAC204CD1921910600B2744C /* AccountCell.m */ = {isa = PBXFileReference; fileEncoding = 4; lastKnownFileType = sourcecode.c.objc; path = AccountCell.m; sourceTree = "<group>"; };
/* End PBXFileReference section */

/* Begin PBXFrameworksBuildPhase section */
		AA55225F1916E98E005D5950 /* Frameworks */ = {
			isa = PBXFrameworksBuildPhase;
			buildActionMask = 2147483647;
			files = (
				AA5522B31916EAA6005D5950 /* Parse.framework in Frameworks */,
				AA5522B11916EA95005D5950 /* SystemConfiguration.framework in Frameworks */,
				AA5522AF1916EA8A005D5950 /* StoreKit.framework in Frameworks */,
				AA5522AD1916EA2F005D5950 /* Security.framework in Frameworks */,
				AA5522AB1916EA25005D5950 /* QuartzCore.framework in Frameworks */,
				AA5522A91916EA1A005D5950 /* MobileCoreServices.framework in Frameworks */,
				AA5522A71916EA10005D5950 /* libz.1.1.3.dylib in Frameworks */,
				AA5522661916E98E005D5950 /* Foundation.framework in Frameworks */,
				AA5522A51916E9FC005D5950 /* CoreLocation.framework in Frameworks */,
				AA5522681916E98E005D5950 /* CoreGraphics.framework in Frameworks */,
				AA55226C1916E98E005D5950 /* CoreData.framework in Frameworks */,
				AA5522A31916E9D4005D5950 /* CFNetwork.framework in Frameworks */,
				AA5522A11916E9CB005D5950 /* AudioToolbox.framework in Frameworks */,
				AA55229F1916E9B4005D5950 /* bundle1.o in Frameworks */,
				AA55226A1916E98E005D5950 /* UIKit.framework in Frameworks */,
			);
			runOnlyForDeploymentPostprocessing = 0;
		};
		AA55227F1916E98E005D5950 /* Frameworks */ = {
			isa = PBXFrameworksBuildPhase;
			buildActionMask = 2147483647;
			files = (
				AA5522841916E98E005D5950 /* XCTest.framework in Frameworks */,
				AA5522871916E98E005D5950 /* CoreData.framework in Frameworks */,
				AA5522861916E98E005D5950 /* UIKit.framework in Frameworks */,
				AA5522851916E98E005D5950 /* Foundation.framework in Frameworks */,
			);
			runOnlyForDeploymentPostprocessing = 0;
		};
/* End PBXFrameworksBuildPhase section */

/* Begin PBXGroup section */
		AA5522591916E98E005D5950 = {
			isa = PBXGroup;
			children = (
				AA5522BF1916EB99005D5950 /* iPhone.storyboard */,
				AA55226D1916E98E005D5950 /* VRINX */,
				AA55228A1916E98E005D5950 /* VRINXTests */,
				AA5522641916E98E005D5950 /* Frameworks */,
				AA5522631916E98E005D5950 /* Products */,
			);
			sourceTree = "<group>";
		};
		AA5522631916E98E005D5950 /* Products */ = {
			isa = PBXGroup;
			children = (
				AA5522621916E98E005D5950 /* VRINX.app */,
				AA5522821916E98E005D5950 /* VRINXTests.xctest */,
			);
			name = Products;
			sourceTree = "<group>";
		};
		AA5522641916E98E005D5950 /* Frameworks */ = {
			isa = PBXGroup;
			children = (
				AA5522B21916EAA6005D5950 /* Parse.framework */,
				AA5522B01916EA95005D5950 /* SystemConfiguration.framework */,
				AA5522AE1916EA8A005D5950 /* StoreKit.framework */,
				AA5522AC1916EA2F005D5950 /* Security.framework */,
				AA5522AA1916EA25005D5950 /* QuartzCore.framework */,
				AA5522A81916EA1A005D5950 /* MobileCoreServices.framework */,
				AA5522A61916EA0F005D5950 /* libz.1.1.3.dylib */,
				AA5522A41916E9FC005D5950 /* CoreLocation.framework */,
				AA5522A21916E9D4005D5950 /* CFNetwork.framework */,
				AA5522A01916E9CB005D5950 /* AudioToolbox.framework */,
				AA55229A1916E9B4005D5950 /* AudioUnit.framework */,
				AA55229B1916E9B4005D5950 /* AVFoundation.framework */,
				AA55229C1916E9B4005D5950 /* bundle1.o */,
				AA5522651916E98E005D5950 /* Foundation.framework */,
				AA5522671916E98E005D5950 /* CoreGraphics.framework */,
				AA5522691916E98E005D5950 /* UIKit.framework */,
				AA55226B1916E98E005D5950 /* CoreData.framework */,
				AA5522831916E98E005D5950 /* XCTest.framework */,
			);
			name = Frameworks;
			sourceTree = "<group>";
		};
		AA55226D1916E98E005D5950 /* VRINX */ = {
			isa = PBXGroup;
			children = (
				AA5522E919188529005D5950 /* Model */,
				AA5522C51916EC7A005D5950 /* ViewControllers */,
				AA5522B41916EAC6005D5950 /* ExternalClasses */,
				AA5522761916E98E005D5950 /* AppDelegate.h */,
				AA5522771916E98E005D5950 /* AppDelegate.m */,
				AA55227C1916E98E005D5950 /* Images.xcassets */,
				AA5522791916E98E005D5950 /* VRINX.xcdatamodeld */,
				AA55226E1916E98E005D5950 /* Supporting Files */,
			);
			path = VRINX;
			sourceTree = "<group>";
		};
		AA55226E1916E98E005D5950 /* Supporting Files */ = {
			isa = PBXGroup;
			children = (
				AA55226F1916E98E005D5950 /* VRINX-Info.plist */,
				AA5522701916E98E005D5950 /* InfoPlist.strings */,
				AA5522731916E98E005D5950 /* main.m */,
				AA5522751916E98E005D5950 /* VRINX-Prefix.pch */,
				AAC2046F19215A8400B2744C /* CoreDataStack.h */,
				AAC2047019215A8400B2744C /* CoreDataStack.m */,
			);
			name = "Supporting Files";
			sourceTree = "<group>";
		};
		AA55228A1916E98E005D5950 /* VRINXTests */ = {
			isa = PBXGroup;
			children = (
				AA5522901916E98E005D5950 /* VRINXTests.m */,
				AA55228B1916E98E005D5950 /* Supporting Files */,
			);
			path = VRINXTests;
			sourceTree = "<group>";
		};
		AA55228B1916E98E005D5950 /* Supporting Files */ = {
			isa = PBXGroup;
			children = (
				AA55228C1916E98E005D5950 /* VRINXTests-Info.plist */,
				AA55228D1916E98E005D5950 /* InfoPlist.strings */,
			);
			name = "Supporting Files";
			sourceTree = "<group>";
		};
		AA5522B41916EAC6005D5950 /* ExternalClasses */ = {
			isa = PBXGroup;
			children = (
				AA5522E2191748AA005D5950 /* UIImageExtended */,
				AA5522C11916EC45005D5950 /* KPKeyboardScroll */,
				AA5522B51916EB68005D5950 /* RESideMenu */,
			);
			name = ExternalClasses;
			sourceTree = "<group>";
		};
		AA5522B51916EB68005D5950 /* RESideMenu */ = {
			isa = PBXGroup;
			children = (
				AA5522B61916EB68005D5950 /* RECommonFunctions.h */,
				AA5522B71916EB68005D5950 /* RECommonFunctions.m */,
				AA5522B81916EB68005D5950 /* RESideMenu.h */,
				AA5522B91916EB68005D5950 /* RESideMenu.m */,
				AA5522BA1916EB68005D5950 /* UIViewController+RESideMenu.h */,
				AA5522BB1916EB68005D5950 /* UIViewController+RESideMenu.m */,
			);
			name = RESideMenu;
			path = "../../../../Treehouse/RESideMenu-master/RESideMenu";
			sourceTree = "<group>";
		};
		AA5522C11916EC45005D5950 /* KPKeyboardScroll */ = {
			isa = PBXGroup;
			children = (
				AA5522C21916EC59005D5950 /* TPKeyboardAvoidingScrollView.h */,
				AA5522C31916EC59005D5950 /* TPKeyboardAvoidingScrollView.m */,
			);
			name = KPKeyboardScroll;
			sourceTree = "<group>";
		};
		AA5522C51916EC7A005D5950 /* ViewControllers */ = {
			isa = PBXGroup;
			children = (
				AA5522D51916F881005D5950 /* Authentication */,
				AA5522D01916F5F3005D5950 /* Accounts */,
				AA5522CF1916F594005D5950 /* Navigation */,
			);
			name = ViewControllers;
			sourceTree = "<group>";
		};
		AA5522CF1916F594005D5950 /* Navigation */ = {
			isa = PBXGroup;
			children = (
				AA5522C61916ECD8005D5950 /* LeftMenuViewController.h */,
				AA5522C71916ECD8005D5950 /* LeftMenuViewController.m */,
				AA5522C91916EDB3005D5950 /* RootViewController.h */,
				AA5522CA1916EDB3005D5950 /* RootViewController.m */,
				AA5522CC1916F360005D5950 /* RightMenuViewController.h */,
				AA5522CD1916F360005D5950 /* RightMenuViewController.m */,
			);
			name = Navigation;
			sourceTree = "<group>";
		};
		AA5522D01916F5F3005D5950 /* Accounts */ = {
			isa = PBXGroup;
			children = (
				AA5522D11916F6B7005D5950 /* AccountsTableViewController.h */,
				AA5522D21916F6B7005D5950 /* AccountsTableViewController.m */,
				AA5522E619186F08005D5950 /* AccountEditTableViewController.h */,
				AA5522E719186F08005D5950 /* AccountEditTableViewController.m */,
				AAC204CC1921910600B2744C /* AccountCell.h */,
				AAC204CD1921910600B2744C /* AccountCell.m */,
			);
			name = Accounts;
			sourceTree = "<group>";
		};
		AA5522D51916F881005D5950 /* Authentication */ = {
			isa = PBXGroup;
			children = (
				AA5522D61916F8A9005D5950 /* LoginViewController.h */,
				AA5522D71916F8A9005D5950 /* LoginViewController.m */,
				AA5522DC1916F90E005D5950 /* SignupViewController.h */,
				AA5522DD1916F90E005D5950 /* SignupViewController.m */,
				AA5522DF19173034005D5950 /* OtherUserInfoTableViewController.h */,
				AA5522E019173034005D5950 /* OtherUserInfoTableViewController.m */,
			);
			name = Authentication;
			sourceTree = "<group>";
		};
		AA5522E2191748AA005D5950 /* UIImageExtended */ = {
			isa = PBXGroup;
			children = (
				AA5522E3191748DB005D5950 /* UIImage+RoundedImage.h */,
				AA5522E4191748DB005D5950 /* UIImage+RoundedImage.m */,
			);
			name = UIImageExtended;
			sourceTree = "<group>";
		};
		AA5522E919188529005D5950 /* Model */ = {
			isa = PBXGroup;
			children = (
				AAC204C91921893A00B2744C /* EntityProduct.h */,
				AAC204CA1921893A00B2744C /* EntityProduct.m */,
				AAC204C61921893A00B2744C /* EntityOrderProduct.h */,
				AAC204C71921893A00B2744C /* EntityOrderProduct.m */,
				AAC204C31921893A00B2744C /* EntityAccount.h */,
				AAC204C41921893A00B2744C /* EntityAccount.m */,
				AAC204C01921893A00B2744C /* EntityClient.h */,
				AAC204C11921893A00B2744C /* EntityClient.m */,
				AAC204BD1921893A00B2744C /* EntityOrder.h */,
				AAC204BE1921893A00B2744C /* EntityOrder.m */,
			);
			name = Model;
			sourceTree = "<group>";
		};
/* End PBXGroup section */

/* Begin PBXNativeTarget section */
		AA5522611916E98E005D5950 /* VRINX */ = {
			isa = PBXNativeTarget;
			buildConfigurationList = AA5522941916E98E005D5950 /* Build configuration list for PBXNativeTarget "VRINX" */;
			buildPhases = (
				AA55225E1916E98E005D5950 /* Sources */,
				AA55225F1916E98E005D5950 /* Frameworks */,
				AA5522601916E98E005D5950 /* Resources */,
			);
			buildRules = (
			);
			dependencies = (
			);
			name = VRINX;
			productName = VRINX;
			productReference = AA5522621916E98E005D5950 /* VRINX.app */;
			productType = "com.apple.product-type.application";
		};
		AA5522811916E98E005D5950 /* VRINXTests */ = {
			isa = PBXNativeTarget;
			buildConfigurationList = AA5522971916E98E005D5950 /* Build configuration list for PBXNativeTarget "VRINXTests" */;
			buildPhases = (
				AA55227E1916E98E005D5950 /* Sources */,
				AA55227F1916E98E005D5950 /* Frameworks */,
				AA5522801916E98E005D5950 /* Resources */,
			);
			buildRules = (
			);
			dependencies = (
				AA5522891916E98E005D5950 /* PBXTargetDependency */,
			);
			name = VRINXTests;
			productName = VRINXTests;
			productReference = AA5522821916E98E005D5950 /* VRINXTests.xctest */;
			productType = "com.apple.product-type.bundle.unit-test";
		};
/* End PBXNativeTarget section */

/* Begin PBXProject section */
		AA55225A1916E98E005D5950 /* Project object */ = {
			isa = PBXProject;
			attributes = {
				LastUpgradeCheck = 0510;
				ORGANIZATIONNAME = "Christian Vazquez";
				TargetAttributes = {
					AA5522811916E98E005D5950 = {
						TestTargetID = AA5522611916E98E005D5950;
					};
				};
			};
			buildConfigurationList = AA55225D1916E98E005D5950 /* Build configuration list for PBXProject "VRINX" */;
			compatibilityVersion = "Xcode 3.2";
			developmentRegion = English;
			hasScannedForEncodings = 0;
			knownRegions = (
				en,
			);
			mainGroup = AA5522591916E98E005D5950;
			productRefGroup = AA5522631916E98E005D5950 /* Products */;
			projectDirPath = "";
			projectRoot = "";
			targets = (
				AA5522611916E98E005D5950 /* VRINX */,
				AA5522811916E98E005D5950 /* VRINXTests */,
			);
		};
/* End PBXProject section */

/* Begin PBXResourcesBuildPhase section */
		AA5522601916E98E005D5950 /* Resources */ = {
			isa = PBXResourcesBuildPhase;
			buildActionMask = 2147483647;
			files = (
				AA5522721916E98E005D5950 /* InfoPlist.strings in Resources */,
				AA5522C01916EB99005D5950 /* iPhone.storyboard in Resources */,
				AA55227D1916E98E005D5950 /* Images.xcassets in Resources */,
			);
			runOnlyForDeploymentPostprocessing = 0;
		};
		AA5522801916E98E005D5950 /* Resources */ = {
			isa = PBXResourcesBuildPhase;
			buildActionMask = 2147483647;
			files = (
				AA55228F1916E98E005D5950 /* InfoPlist.strings in Resources */,
			);
			runOnlyForDeploymentPostprocessing = 0;
		};
/* End PBXResourcesBuildPhase section */

/* Begin PBXSourcesBuildPhase section */
		AA55225E1916E98E005D5950 /* Sources */ = {
			isa = PBXSourcesBuildPhase;
			buildActionMask = 2147483647;
			files = (
				AAC204C51921893A00B2744C /* EntityAccount.m in Sources */,
				AAC204CE1921910600B2744C /* AccountCell.m in Sources */,
				AA5522C41916EC59005D5950 /* TPKeyboardAvoidingScrollView.m in Sources */,
				AAC204C21921893A00B2744C /* EntityClient.m in Sources */,
				AAC204BF1921893A00B2744C /* EntityOrder.m in Sources */,
				AAC2047119215A8400B2744C /* CoreDataStack.m in Sources */,
				AA5522781916E98E005D5950 /* AppDelegate.m in Sources */,
				AA5522C81916ECD8005D5950 /* LeftMenuViewController.m in Sources */,
				AA5522DE1916F90E005D5950 /* SignupViewController.m in Sources */,
				AAC204CB1921893A00B2744C /* EntityProduct.m in Sources */,
				AA55227B1916E98E005D5950 /* VRINX.xcdatamodeld in Sources */,
				AA5522E119173034005D5950 /* OtherUserInfoTableViewController.m in Sources */,
				AA5522CE1916F360005D5950 /* RightMenuViewController.m in Sources */,
				AA5522741916E98E005D5950 /* main.m in Sources */,
				AA5522CB1916EDB3005D5950 /* RootViewController.m in Sources */,
				AA5522D31916F6B7005D5950 /* AccountsTableViewController.m in Sources */,
				AAC204C81921893A00B2744C /* EntityOrderProduct.m in Sources */,
				AA5522E819186F08005D5950 /* AccountEditTableViewController.m in Sources */,
				AA5522D81916F8A9005D5950 /* LoginViewController.m in Sources */,
				AA5522E5191748DB005D5950 /* UIImage+RoundedImage.m in Sources */,
				AA5522BD1916EB68005D5950 /* RESideMenu.m in Sources */,
				AA5522BC1916EB68005D5950 /* RECommonFunctions.m in Sources */,
				AA5522BE1916EB68005D5950 /* UIViewController+RESideMenu.m in Sources */,
			);
			runOnlyForDeploymentPostprocessing = 0;
		};
		AA55227E1916E98E005D5950 /* Sources */ = {
			isa = PBXSourcesBuildPhase;
			buildActionMask = 2147483647;
			files = (
				AA5522911916E98E005D5950 /* VRINXTests.m in Sources */,
			);
			runOnlyForDeploymentPostprocessing = 0;
		};
/* End PBXSourcesBuildPhase section */

/* Begin PBXTargetDependency section */
		AA5522891916E98E005D5950 /* PBXTargetDependency */ = {
			isa = PBXTargetDependency;
			target = AA5522611916E98E005D5950 /* VRINX */;
			targetProxy = AA5522881916E98E005D5950 /* PBXContainerItemProxy */;
		};
/* End PBXTargetDependency section */

/* Begin PBXVariantGroup section */
		AA5522701916E98E005D5950 /* InfoPlist.strings */ = {
			isa = PBXVariantGroup;
			children = (
				AA5522711916E98E005D5950 /* en */,
			);
			name = InfoPlist.strings;
			sourceTree = "<group>";
		};
		AA55228D1916E98E005D5950 /* InfoPlist.strings */ = {
			isa = PBXVariantGroup;
			children = (
				AA55228E1916E98E005D5950 /* en */,
			);
			name = InfoPlist.strings;
			sourceTree = "<group>";
		};
/* End PBXVariantGroup section */

/* Begin XCBuildConfiguration section */
		AA5522921916E98E005D5950 /* Debug */ = {
			isa = XCBuildConfiguration;
			buildSettings = {
				ALWAYS_SEARCH_USER_PATHS = NO;
				CLANG_CXX_LANGUAGE_STANDARD = "gnu++0x";
				CLANG_CXX_LIBRARY = "libc++";
				CLANG_ENABLE_MODULES = YES;
				CLANG_ENABLE_OBJC_ARC = YES;
				CLANG_WARN_BOOL_CONVERSION = YES;
				CLANG_WARN_CONSTANT_CONVERSION = YES;
				CLANG_WARN_DIRECT_OBJC_ISA_USAGE = YES_ERROR;
				CLANG_WARN_EMPTY_BODY = YES;
				CLANG_WARN_ENUM_CONVERSION = YES;
				CLANG_WARN_INT_CONVERSION = YES;
				CLANG_WARN_OBJC_ROOT_CLASS = YES_ERROR;
				CLANG_WARN__DUPLICATE_METHOD_MATCH = YES;
				"CODE_SIGN_IDENTITY[sdk=iphoneos*]" = "iPhone Developer";
				COPY_PHASE_STRIP = NO;
				GCC_C_LANGUAGE_STANDARD = gnu99;
				GCC_DYNAMIC_NO_PIC = NO;
				GCC_OPTIMIZATION_LEVEL = 0;
				GCC_PREPROCESSOR_DEFINITIONS = (
					"DEBUG=1",
					"$(inherited)",
				);
				GCC_SYMBOLS_PRIVATE_EXTERN = NO;
				GCC_WARN_64_TO_32_BIT_CONVERSION = YES;
				GCC_WARN_ABOUT_RETURN_TYPE = YES_ERROR;
				GCC_WARN_UNDECLARED_SELECTOR = YES;
				GCC_WARN_UNINITIALIZED_AUTOS = YES_AGGRESSIVE;
				GCC_WARN_UNUSED_FUNCTION = YES;
				GCC_WARN_UNUSED_VARIABLE = YES;
				IPHONEOS_DEPLOYMENT_TARGET = 7.1;
				ONLY_ACTIVE_ARCH = YES;
				SDKROOT = iphoneos;
			};
			name = Debug;
		};
		AA5522931916E98E005D5950 /* Release */ = {
			isa = XCBuildConfiguration;
			buildSettings = {
				ALWAYS_SEARCH_USER_PATHS = NO;
				CLANG_CXX_LANGUAGE_STANDARD = "gnu++0x";
				CLANG_CXX_LIBRARY = "libc++";
				CLANG_ENABLE_MODULES = YES;
				CLANG_ENABLE_OBJC_ARC = YES;
				CLANG_WARN_BOOL_CONVERSION = YES;
				CLANG_WARN_CONSTANT_CONVERSION = YES;
				CLANG_WARN_DIRECT_OBJC_ISA_USAGE = YES_ERROR;
				CLANG_WARN_EMPTY_BODY = YES;
				CLANG_WARN_ENUM_CONVERSION = YES;
				CLANG_WARN_INT_CONVERSION = YES;
				CLANG_WARN_OBJC_ROOT_CLASS = YES_ERROR;
				CLANG_WARN__DUPLICATE_METHOD_MATCH = YES;
				"CODE_SIGN_IDENTITY[sdk=iphoneos*]" = "iPhone Developer";
				COPY_PHASE_STRIP = YES;
				ENABLE_NS_ASSERTIONS = NO;
				GCC_C_LANGUAGE_STANDARD = gnu99;
				GCC_WARN_64_TO_32_BIT_CONVERSION = YES;
				GCC_WARN_ABOUT_RETURN_TYPE = YES_ERROR;
				GCC_WARN_UNDECLARED_SELECTOR = YES;
				GCC_WARN_UNINITIALIZED_AUTOS = YES_AGGRESSIVE;
				GCC_WARN_UNUSED_FUNCTION = YES;
				GCC_WARN_UNUSED_VARIABLE = YES;
				IPHONEOS_DEPLOYMENT_TARGET = 7.1;
				SDKROOT = iphoneos;
				VALIDATE_PRODUCT = YES;
			};
			name = Release;
		};
		AA5522951916E98E005D5950 /* Debug */ = {
			isa = XCBuildConfiguration;
			buildSettings = {
				ASSETCATALOG_COMPILER_APPICON_NAME = AppIcon;
				ASSETCATALOG_COMPILER_LAUNCHIMAGE_NAME = LaunchImage;
				FRAMEWORK_SEARCH_PATHS = (
					"$(inherited)",
					/Users/Christian/Development,
				);
				GCC_PRECOMPILE_PREFIX_HEADER = YES;
				GCC_PREFIX_HEADER = "VRINX/VRINX-Prefix.pch";
				INFOPLIST_FILE = "VRINX/VRINX-Info.plist";
				PRODUCT_NAME = "$(TARGET_NAME)";
				WRAPPER_EXTENSION = app;
			};
			name = Debug;
		};
		AA5522961916E98E005D5950 /* Release */ = {
			isa = XCBuildConfiguration;
			buildSettings = {
				ASSETCATALOG_COMPILER_APPICON_NAME = AppIcon;
				ASSETCATALOG_COMPILER_LAUNCHIMAGE_NAME = LaunchImage;
				FRAMEWORK_SEARCH_PATHS = (
					"$(inherited)",
					/Users/Christian/Development,
				);
				GCC_PRECOMPILE_PREFIX_HEADER = YES;
				GCC_PREFIX_HEADER = "VRINX/VRINX-Prefix.pch";
				INFOPLIST_FILE = "VRINX/VRINX-Info.plist";
				PRODUCT_NAME = "$(TARGET_NAME)";
				WRAPPER_EXTENSION = app;
			};
			name = Release;
		};
		AA5522981916E98E005D5950 /* Debug */ = {
			isa = XCBuildConfiguration;
			buildSettings = {
				BUNDLE_LOADER = "$(BUILT_PRODUCTS_DIR)/VRINX.app/VRINX";
				FRAMEWORK_SEARCH_PATHS = (
					"$(SDKROOT)/Developer/Library/Frameworks",
					"$(inherited)",
					"$(DEVELOPER_FRAMEWORKS_DIR)",
				);
				GCC_PRECOMPILE_PREFIX_HEADER = YES;
				GCC_PREFIX_HEADER = "VRINX/VRINX-Prefix.pch";
				GCC_PREPROCESSOR_DEFINITIONS = (
					"DEBUG=1",
					"$(inherited)",
				);
				INFOPLIST_FILE = "VRINXTests/VRINXTests-Info.plist";
				PRODUCT_NAME = "$(TARGET_NAME)";
				TEST_HOST = "$(BUNDLE_LOADER)";
				WRAPPER_EXTENSION = xctest;
			};
			name = Debug;
		};
		AA5522991916E98E005D5950 /* Release */ = {
			isa = XCBuildConfiguration;
			buildSettings = {
				BUNDLE_LOADER = "$(BUILT_PRODUCTS_DIR)/VRINX.app/VRINX";
				FRAMEWORK_SEARCH_PATHS = (
					"$(SDKROOT)/Developer/Library/Frameworks",
					"$(inherited)",
					"$(DEVELOPER_FRAMEWORKS_DIR)",
				);
				GCC_PRECOMPILE_PREFIX_HEADER = YES;
				GCC_PREFIX_HEADER = "VRINX/VRINX-Prefix.pch";
				INFOPLIST_FILE = "VRINXTests/VRINXTests-Info.plist";
				PRODUCT_NAME = "$(TARGET_NAME)";
				TEST_HOST = "$(BUNDLE_LOADER)";
				WRAPPER_EXTENSION = xctest;
			};
			name = Release;
		};
/* End XCBuildConfiguration section */

/* Begin XCConfigurationList section */
		AA55225D1916E98E005D5950 /* Build configuration list for PBXProject "VRINX" */ = {
			isa = XCConfigurationList;
			buildConfigurations = (
				AA5522921916E98E005D5950 /* Debug */,
				AA5522931916E98E005D5950 /* Release */,
			);
			defaultConfigurationIsVisible = 0;
			defaultConfigurationName = Release;
		};
		AA5522941916E98E005D5950 /* Build configuration list for PBXNativeTarget "VRINX" */ = {
			isa = XCConfigurationList;
			buildConfigurations = (
				AA5522951916E98E005D5950 /* Debug */,
				AA5522961916E98E005D5950 /* Release */,
			);
			defaultConfigurationIsVisible = 0;
			defaultConfigurationName = Release;
		};
		AA5522971916E98E005D5950 /* Build configuration list for PBXNativeTarget "VRINXTests" */ = {
			isa = XCConfigurationList;
			buildConfigurations = (
				AA5522981916E98E005D5950 /* Debug */,
				AA5522991916E98E005D5950 /* Release */,
			);
			defaultConfigurationIsVisible = 0;
			defaultConfigurationName = Release;
		};
/* End XCConfigurationList section */

/* Begin XCVersionGroup section */
		AA5522791916E98E005D5950 /* VRINX.xcdatamodeld */ = {
			isa = XCVersionGroup;
			children = (
				AA55227A1916E98E005D5950 /* VRINX.xcdatamodel */,
			);
			currentVersion = AA55227A1916E98E005D5950 /* VRINX.xcdatamodel */;
			path = VRINX.xcdatamodeld;
			sourceTree = "<group>";
			versionGroupType = wrapper.xcdatamodel;
		};
/* End XCVersionGroup section */
	};
	rootObject = AA55225A1916E98E005D5950 /* Project object */;
}
